
Microsoft Visual Studio Solution File, Format Version 12.00
# Visual Studio 14
VisualStudioVersion = 14.0.25420.1
MinimumVisualStudioVersion = 10.0.40219.1
Project("{8BC9CEB8-8B4A-11D0-8D11-00A0C91BC942}") = "CustomPages", "CustomPages\CustomPages.vcxproj", "{099CE838-E266-4443-A3CB-91899C9FAC62}"
EndProject
Project("{8BC9CEB8-8B4A-11D0-8D11-00A0C91BC942}") = "DesktopAlertDemo", "DesktopAlertDemo\DesktopAlertDemo.vcxproj", "{8049899E-86B9-46C3-951B-B133163EB6AA}"
EndProject
Project("{8BC9CEB8-8B4A-11D0-8D11-00A0C91BC942}") = "DlgToolTips", "DlgToolTips\DlgToolTips.vcxproj", "{B86EA52C-5B2D-4AEB-950A-541197A9C7F2}"
EndProject
Project("{8BC9CEB8-8B4A-11D0-8D11-00A0C91BC942}") = "DrawClient", "DrawClient\DrawClient.vcxproj", "{96F97F2D-AD12-4EE3-B9D3-807AB38B34E5}"
EndProject
Project("{8BC9CEB8-8B4A-11D0-8D11-00A0C91BC942}") = "DynamicMenu", "DynamicMenu\DynamicMenu.vcxproj", "{935A68BE-7042-4A94-94F8-3C3C05C2B48F}"
EndProject
Project("{8BC9CEB8-8B4A-11D0-8D11-00A0C91BC942}") = "Explorer", "Explorer\Explorer.vcxproj", "{13E57A12-A533-4F1D-86C9-9870C789BE39}"
EndProject
Project("{8BC9CEB8-8B4A-11D0-8D11-00A0C91BC942}") = "IEDemo", "IEDemo\IEDemo.vcxproj", "{09AC8F6B-84CD-4145-BA28-BFAE195961D6}"
EndProject
Project("{8BC9CEB8-8B4A-11D0-8D11-00A0C91BC942}") = "MDITabsDemo", "MDITabsDemo\MDITabsDemo.vcxproj", "{22318805-4E74-4658-90F0-3B03B1D9D855}"
EndProject
Project("{8BC9CEB8-8B4A-11D0-8D11-00A0C91BC942}") = "MenuSubSet", "MenuSubSet\MenuSubSet.vcxproj", "{7D7AB2E6-C684-4A87-8517-338FFE51F8AE}"
EndProject
Project("{8BC9CEB8-8B4A-11D0-8D11-00A0C91BC942}") = "MSMoneyDemo", "MSMoneyDemo\MSMoneyDemo.vcxproj", "{B9D17DF6-5A82-48B6-A373-50959475A998}"
EndProject
Project("{8BC9CEB8-8B4A-11D0-8D11-00A0C91BC942}") = "MSOffice2007Demo", "MSOffice2007Demo\MSOffice2007Demo.vcxproj", "{180997DB-805B-4A8C-8788-48C4BC67C471}"
EndProject
Project("{8BC9CEB8-8B4A-11D0-8D11-00A0C91BC942}") = "NewControls", "NewControls\NewControls.vcxproj", "{491D63E1-0D49-4470-A1E1-AF28BBDA09F8}"
EndProject
Project("{8BC9CEB8-8B4A-11D0-8D11-00A0C91BC942}") = "OutlookDemo", "OutlookDemo\OutlookDemo.vcxproj", "{2248F8B6-80A9-416F-822C-073E60798DAE}"
EndProject
Project("{8BC9CEB8-8B4A-11D0-8D11-00A0C91BC942}") = "OutlookMultiViews", "OutlookMultiViews\OutlookMultiViews.vcxproj", "{3037585E-E983-4B37-A9D7-47D0EBF57DCF}"
EndProject
Project("{8BC9CEB8-8B4A-11D0-8D11-00A0C91BC942}") = "OwnerDrawMenu", "OwnerDrawMenu\OwnerDrawMenu.vcxproj", "{9EB0AB3E-A301-42F9-9157-D6C9DFF5597A}"
EndProject
Project("{8BC9CEB8-8B4A-11D0-8D11-00A0C91BC942}") = "PaletteDemo", "PaletteDemo\PaletteDemo.vcxproj", "{75AB5940-42EC-4403-89C2-4CF1D2923B33}"
EndProject
Project("{8BC9CEB8-8B4A-11D0-8D11-00A0C91BC942}") = "PropSheetDemo", "PropSheetDemo\PropSheetDemo.vcxproj", "{E2F63C24-80ED-4BA1-B3BA-81F2B12C6D58}"
EndProject
Project("{8BC9CEB8-8B4A-11D0-8D11-00A0C91BC942}") = "RebarTest", "RebarTest\RebarTest.vcxproj", "{5F7FB397-DEAD-429A-B097-09B0CCEFBC6D}"
EndProject
Project("{8BC9CEB8-8B4A-11D0-8D11-00A0C91BC942}") = "RibbonGadgets", "RibbonGadgets\RibbonGadgets.vcxproj", "{C72608E4-3958-46FD-9B37-AF735962FB75}"
EndProject
Project("{8BC9CEB8-8B4A-11D0-8D11-00A0C91BC942}") = "RibbonMDIDemo", "RibbonMDI\RibbonMDIDemo.vcxproj", "{A3F84F9E-D72D-45B5-A5B7-764F71036109}"
EndProject
Project("{8BC9CEB8-8B4A-11D0-8D11-00A0C91BC942}") = "RollupPane", "RollupPane\RollupPane.vcxproj", "{1747B5BD-AAAD-4C33-8FEB-0FD85DA4A2DF}"
EndProject
Project("{8BC9CEB8-8B4A-11D0-8D11-00A0C91BC942}") = "SetPaneSize", "SetPaneSize\SetPaneSize.vcxproj", "{2CA41BD5-0344-4492-BB00-CF3335804E71}"
EndProject
Project("{8BC9CEB8-8B4A-11D0-8D11-00A0C91BC942}") = "Slider", "Slider\Slider.vcxproj", "{0E3C3654-331B-4FAA-AF66-6FD515FFB562}"
EndProject
Project("{8BC9CEB8-8B4A-11D0-8D11-00A0C91BC942}") = "StateCollection", "StateCollection\StateCollection.vcxproj", "{7D33C9E4-B288-4C15-B6BA-7B05C340D586}"
EndProject
Project("{8BC9CEB8-8B4A-11D0-8D11-00A0C91BC942}") = "StatusBarDemo", "StatusBarDemo\StatusBarDemo.vcxproj", "{220D8C5D-067A-46AE-BF1D-EBA93773AF91}"
EndProject
Project("{8BC9CEB8-8B4A-11D0-8D11-00A0C91BC942}") = "TabbedView", "TabbedView\TabbedView.vcxproj", "{2CE6212A-85F6-4254-938F-EF97A07347AD}"
EndProject
Project("{8BC9CEB8-8B4A-11D0-8D11-00A0C91BC942}") = "TabControl", "TabControl\TabControl.vcxproj", "{83C47F51-0A45-488E-88F5-65D1937FE772}"
EndProject
Project("{8BC9CEB8-8B4A-11D0-8D11-00A0C91BC942}") = "TasksPane", "TasksPane\TasksPane.vcxproj", "{B259618E-A44B-4EBD-86BB-4338182786FB}"
EndProject
Project("{8BC9CEB8-8B4A-11D0-8D11-00A0C91BC942}") = "ToolbarDateTimePicker", "ToolbarDateTimePicker\ToolbarDateTimePicker.vcxproj", "{DC8F4072-97AB-4084-AF09-30A70A750A74}"
EndProject
Project("{8BC9CEB8-8B4A-11D0-8D11-00A0C91BC942}") = "TooltipDemo", "ToolTipDemo\TooltipDemo.vcxproj", "{2BDF43B9-5D59-4630-B07B-4DF615560C71}"
EndProject
Project("{8BC9CEB8-8B4A-11D0-8D11-00A0C91BC942}") = "TrayMenu", "TrayMenu\TrayMenu.vcxproj", "{34545473-46B9-42A8-A54E-575BED25C115}"
EndProject
Project("{8BC9CEB8-8B4A-11D0-8D11-00A0C91BC942}") = "VisualStudioDemo", "VisualStudioDemo\VisualStudioDemo.vcxproj", "{84C70F4F-3B25-434A-AA96-69588C917014}"
EndProject
Project("{8BC9CEB8-8B4A-11D0-8D11-00A0C91BC942}") = "WordPad", "WordPad\WordPad.vcxproj", "{66F9A117-DACA-4D34-8CB8-4FC1D4211C5C}"
EndProject
Project("{8BC9CEB8-8B4A-11D0-8D11-00A0C91BC942}") = "WorkSpaceToolBar", "WorkSpaceToolBar\WorkSpaceToolBar.vcxproj", "{D4CEBF70-2357-4DDF-95AF-40934C4208D7}"
EndProject
Global
	GlobalSection(SolutionConfigurationPlatforms) = preSolution
		Debug CLR|x86 = Debug CLR|x86
		Debug Static|x86 = Debug Static|x86
		Debug|x86 = Debug|x86
		Release CLR|x86 = Release CLR|x86
		Release Static|x86 = Release Static|x86
		Release|x86 = Release|x86
		Unicode Debug CLR|x86 = Unicode Debug CLR|x86
		Unicode Debug Static|x86 = Unicode Debug Static|x86
		Unicode Debug|x86 = Unicode Debug|x86
		Unicode Release CLR|x86 = Unicode Release CLR|x86
		Unicode Release Static|x86 = Unicode Release Static|x86
		Unicode Release|x86 = Unicode Release|x86
	EndGlobalSection
	GlobalSection(ProjectConfigurationPlatforms) = postSolution
		{099CE838-E266-4443-A3CB-91899C9FAC62}.Debug CLR|x86.ActiveCfg = Debug Static|Win32
		{099CE838-E266-4443-A3CB-91899C9FAC62}.Debug CLR|x86.Build.0 = Debug Static|Win32
		{099CE838-E266-4443-A3CB-91899C9FAC62}.Debug Static|x86.ActiveCfg = Debug Static|Win32
		{099CE838-E266-4443-A3CB-91899C9FAC62}.Debug Static|x86.Build.0 = Debug Static|Win32
		{099CE838-E266-4443-A3CB-91899C9FAC62}.Debug|x86.ActiveCfg = Debug|Win32
		{099CE838-E266-4443-A3CB-91899C9FAC62}.Debug|x86.Build.0 = Debug|Win32
		{099CE838-E266-4443-A3CB-91899C9FAC62}.Release CLR|x86.ActiveCfg = Release Static|Win32
		{099CE838-E266-4443-A3CB-91899C9FAC62}.Release CLR|x86.Build.0 = Release Static|Win32
		{099CE838-E266-4443-A3CB-91899C9FAC62}.Release Static|x86.ActiveCfg = Release Static|Win32
		{099CE838-E266-4443-A3CB-91899C9FAC62}.Release Static|x86.Build.0 = Release Static|Win32
		{099CE838-E266-4443-A3CB-91899C9FAC62}.Release|x86.ActiveCfg = Release|Win32
		{099CE838-E266-4443-A3CB-91899C9FAC62}.Release|x86.Build.0 = Release|Win32
		{099CE838-E266-4443-A3CB-91899C9FAC62}.Unicode Debug CLR|x86.ActiveCfg = Unicode Debug Static|Win32
		{099CE838-E266-4443-A3CB-91899C9FAC62}.Unicode Debug CLR|x86.Build.0 = Unicode Debug Static|Win32
		{099CE838-E266-4443-A3CB-91899C9FAC62}.Unicode Debug Static|x86.ActiveCfg = Unicode Debug Static|Win32
		{099CE838-E266-4443-A3CB-91899C9FAC62}.Unicode Debug Static|x86.Build.0 = Unicode Debug Static|Win32
		{099CE838-E266-4443-A3CB-91899C9FAC62}.Unicode Debug|x86.ActiveCfg = Unicode Debug|Win32
		{099CE838-E266-4443-A3CB-91899C9FAC62}.Unicode Debug|x86.Build.0 = Unicode Debug|Win32
		{099CE838-E266-4443-A3CB-91899C9FAC62}.Unicode Release CLR|x86.ActiveCfg = Unicode Release Static|Win32
		{099CE838-E266-4443-A3CB-91899C9FAC62}.Unicode Release CLR|x86.Build.0 = Unicode Release Static|Win32
		{099CE838-E266-4443-A3CB-91899C9FAC62}.Unicode Release Static|x86.ActiveCfg = Unicode Release Static|Win32
		{099CE838-E266-4443-A3CB-91899C9FAC62}.Unicode Release Static|x86.Build.0 = Unicode Release Static|Win32
		{099CE838-E266-4443-A3CB-91899C9FAC62}.Unicode Release|x86.ActiveCfg = Unicode Release|Win32
		{099CE838-E266-4443-A3CB-91899C9FAC62}.Unicode Release|x86.Build.0 = Unicode Release|Win32
		{8049899E-86B9-46C3-951B-B133163EB6AA}.Debug CLR|x86.ActiveCfg = Debug Static|Win32
		{8049899E-86B9-46C3-951B-B133163EB6AA}.Debug CLR|x86.Build.0 = Debug Static|Win32
		{8049899E-86B9-46C3-951B-B133163EB6AA}.Debug Static|x86.ActiveCfg = Debug Static|Win32
		{8049899E-86B9-46C3-951B-B133163EB6AA}.Debug Static|x86.Build.0 = Debug Static|Win32
		{8049899E-86B9-46C3-951B-B133163EB6AA}.Debug|x86.ActiveCfg = Debug|Win32
		{8049899E-86B9-46C3-951B-B133163EB6AA}.Debug|x86.Build.0 = Debug|Win32
		{8049899E-86B9-46C3-951B-B133163EB6AA}.Release CLR|x86.ActiveCfg = Release Static|Win32
		{8049899E-86B9-46C3-951B-B133163EB6AA}.Release CLR|x86.Build.0 = Release Static|Win32
		{8049899E-86B9-46C3-951B-B133163EB6AA}.Release Static|x86.ActiveCfg = Release Static|Win32
		{8049899E-86B9-46C3-951B-B133163EB6AA}.Release Static|x86.Build.0 = Release Static|Win32
		{8049899E-86B9-46C3-951B-B133163EB6AA}.Release|x86.ActiveCfg = Release|Win32
		{8049899E-86B9-46C3-951B-B133163EB6AA}.Release|x86.Build.0 = Release|Win32
		{8049899E-86B9-46C3-951B-B133163EB6AA}.Unicode Debug CLR|x86.ActiveCfg = Unicode Debug Static|Win32
		{8049899E-86B9-46C3-951B-B133163EB6AA}.Unicode Debug CLR|x86.Build.0 = Unicode Debug Static|Win32
		{8049899E-86B9-46C3-951B-B133163EB6AA}.Unicode Debug Static|x86.ActiveCfg = Unicode Debug Static|Win32
		{8049899E-86B9-46C3-951B-B133163EB6AA}.Unicode Debug Static|x86.Build.0 = Unicode Debug Static|Win32
		{8049899E-86B9-46C3-951B-B133163EB6AA}.Unicode Debug|x86.ActiveCfg = Unicode Debug|Win32
		{8049899E-86B9-46C3-951B-B133163EB6AA}.Unicode Debug|x86.Build.0 = Unicode Debug|Win32
		{8049899E-86B9-46C3-951B-B133163EB6AA}.Unicode Release CLR|x86.ActiveCfg = Unicode Release Static|Win32
		{8049899E-86B9-46C3-951B-B133163EB6AA}.Unicode Release CLR|x86.Build.0 = Unicode Release Static|Win32
		{8049899E-86B9-46C3-951B-B133163EB6AA}.Unicode Release Static|x86.ActiveCfg = Unicode Release Static|Win32
		{8049899E-86B9-46C3-951B-B133163EB6AA}.Unicode Release Static|x86.Build.0 = Unicode Release Static|Win32
		{8049899E-86B9-46C3-951B-B133163EB6AA}.Unicode Release|x86.ActiveCfg = Unicode Release|Win32
		{8049899E-86B9-46C3-951B-B133163EB6AA}.Unicode Release|x86.Build.0 = Unicode Release|Win32
		{B86EA52C-5B2D-4AEB-950A-541197A9C7F2}.Debug CLR|x86.ActiveCfg = Debug Static|Win32
		{B86EA52C-5B2D-4AEB-950A-541197A9C7F2}.Debug CLR|x86.Build.0 = Debug Static|Win32
		{B86EA52C-5B2D-4AEB-950A-541197A9C7F2}.Debug Static|x86.ActiveCfg = Debug Static|Win32
		{B86EA52C-5B2D-4AEB-950A-541197A9C7F2}.Debug Static|x86.Build.0 = Debug Static|Win32
		{B86EA52C-5B2D-4AEB-950A-541197A9C7F2}.Debug|x86.ActiveCfg = Debug|Win32
		{B86EA52C-5B2D-4AEB-950A-541197A9C7F2}.Debug|x86.Build.0 = Debug|Win32
		{B86EA52C-5B2D-4AEB-950A-541197A9C7F2}.Release CLR|x86.ActiveCfg = Release Static|Win32
		{B86EA52C-5B2D-4AEB-950A-541197A9C7F2}.Release CLR|x86.Build.0 = Release Static|Win32
		{B86EA52C-5B2D-4AEB-950A-541197A9C7F2}.Release Static|x86.ActiveCfg = Release Static|Win32
		{B86EA52C-5B2D-4AEB-950A-541197A9C7F2}.Release Static|x86.Build.0 = Release Static|Win32
		{B86EA52C-5B2D-4AEB-950A-541197A9C7F2}.Release|x86.ActiveCfg = Release|Win32
		{B86EA52C-5B2D-4AEB-950A-541197A9C7F2}.Release|x86.Build.0 = Release|Win32
		{B86EA52C-5B2D-4AEB-950A-541197A9C7F2}.Unicode Debug CLR|x86.ActiveCfg = Unicode Debug Static|Win32
		{B86EA52C-5B2D-4AEB-950A-541197A9C7F2}.Unicode Debug CLR|x86.Build.0 = Unicode Debug Static|Win32
		{B86EA52C-5B2D-4AEB-950A-541197A9C7F2}.Unicode Debug Static|x86.ActiveCfg = Unicode Debug Static|Win32
		{B86EA52C-5B2D-4AEB-950A-541197A9C7F2}.Unicode Debug Static|x86.Build.0 = Unicode Debug Static|Win32
		{B86EA52C-5B2D-4AEB-950A-541197A9C7F2}.Unicode Debug|x86.ActiveCfg = Unicode Debug|Win32
		{B86EA52C-5B2D-4AEB-950A-541197A9C7F2}.Unicode Debug|x86.Build.0 = Unicode Debug|Win32
		{B86EA52C-5B2D-4AEB-950A-541197A9C7F2}.Unicode Release CLR|x86.ActiveCfg = Unicode Release Static|Win32
		{B86EA52C-5B2D-4AEB-950A-541197A9C7F2}.Unicode Release CLR|x86.Build.0 = Unicode Release Static|Win32
		{B86EA52C-5B2D-4AEB-950A-541197A9C7F2}.Unicode Release Static|x86.ActiveCfg = Unicode Release Static|Win32
		{B86EA52C-5B2D-4AEB-950A-541197A9C7F2}.Unicode Release Static|x86.Build.0 = Unicode Release Static|Win32
		{B86EA52C-5B2D-4AEB-950A-541197A9C7F2}.Unicode Release|x86.ActiveCfg = Unicode Release|Win32
		{B86EA52C-5B2D-4AEB-950A-541197A9C7F2}.Unicode Release|x86.Build.0 = Unicode Release|Win32
		{96F97F2D-AD12-4EE3-B9D3-807AB38B34E5}.Debug CLR|x86.ActiveCfg = Debug CLR|Win32
		{96F97F2D-AD12-4EE3-B9D3-807AB38B34E5}.Debug CLR|x86.Build.0 = Debug CLR|Win32
		{96F97F2D-AD12-4EE3-B9D3-807AB38B34E5}.Debug Static|x86.ActiveCfg = Debug Static|Win32
		{96F97F2D-AD12-4EE3-B9D3-807AB38B34E5}.Debug Static|x86.Build.0 = Debug Static|Win32
		{96F97F2D-AD12-4EE3-B9D3-807AB38B34E5}.Debug|x86.ActiveCfg = Debug|Win32
		{96F97F2D-AD12-4EE3-B9D3-807AB38B34E5}.Debug|x86.Build.0 = Debug|Win32
		{96F97F2D-AD12-4EE3-B9D3-807AB38B34E5}.Release CLR|x86.ActiveCfg = Release CLR|Win32
		{96F97F2D-AD12-4EE3-B9D3-807AB38B34E5}.Release CLR|x86.Build.0 = Release CLR|Win32
		{96F97F2D-AD12-4EE3-B9D3-807AB38B34E5}.Release Static|x86.ActiveCfg = Release Static|Win32
		{96F97F2D-AD12-4EE3-B9D3-807AB38B34E5}.Release Static|x86.Build.0 = Release Static|Win32
		{96F97F2D-AD12-4EE3-B9D3-807AB38B34E5}.Release|x86.ActiveCfg = Release|Win32
		{96F97F2D-AD12-4EE3-B9D3-807AB38B34E5}.Release|x86.Build.0 = Release|Win32
		{96F97F2D-AD12-4EE3-B9D3-807AB38B34E5}.Unicode Debug CLR|x86.ActiveCfg = Unicode Debug CLR|Win32
		{96F97F2D-AD12-4EE3-B9D3-807AB38B34E5}.Unicode Debug CLR|x86.Build.0 = Unicode Debug CLR|Win32
		{96F97F2D-AD12-4EE3-B9D3-807AB38B34E5}.Unicode Debug Static|x86.ActiveCfg = Unicode Debug Static|Win32
		{96F97F2D-AD12-4EE3-B9D3-807AB38B34E5}.Unicode Debug Static|x86.Build.0 = Unicode Debug Static|Win32
		{96F97F2D-AD12-4EE3-B9D3-807AB38B34E5}.Unicode Debug|x86.ActiveCfg = Unicode Debug|Win32
		{96F97F2D-AD12-4EE3-B9D3-807AB38B34E5}.Unicode Debug|x86.Build.0 = Unicode Debug|Win32
		{96F97F2D-AD12-4EE3-B9D3-807AB38B34E5}.Unicode Release CLR|x86.ActiveCfg = Unicode Release CLR|Win32
		{96F97F2D-AD12-4EE3-B9D3-807AB38B34E5}.Unicode Release CLR|x86.Build.0 = Unicode Release CLR|Win32
		{96F97F2D-AD12-4EE3-B9D3-807AB38B34E5}.Unicode Release Static|x86.ActiveCfg = Unicode Release Static|Win32
		{96F97F2D-AD12-4EE3-B9D3-807AB38B34E5}.Unicode Release Static|x86.Build.0 = Unicode Release Static|Win32
		{96F97F2D-AD12-4EE3-B9D3-807AB38B34E5}.Unicode Release|x86.ActiveCfg = Unicode Release|Win32
		{96F97F2D-AD12-4EE3-B9D3-807AB38B34E5}.Unicode Release|x86.Build.0 = Unicode Release|Win32
		{935A68BE-7042-4A94-94F8-3C3C05C2B48F}.Debug CLR|x86.ActiveCfg = Debug Static|Win32
		{935A68BE-7042-4A94-94F8-3C3C05C2B48F}.Debug CLR|x86.Build.0 = Debug Static|Win32
		{935A68BE-7042-4A94-94F8-3C3C05C2B48F}.Debug Static|x86.ActiveCfg = Debug Static|Win32
		{935A68BE-7042-4A94-94F8-3C3C05C2B48F}.Debug Static|x86.Build.0 = Debug Static|Win32
		{935A68BE-7042-4A94-94F8-3C3C05C2B48F}.Debug|x86.ActiveCfg = Debug|Win32
		{935A68BE-7042-4A94-94F8-3C3C05C2B48F}.Debug|x86.Build.0 = Debug|Win32
		{935A68BE-7042-4A94-94F8-3C3C05C2B48F}.Release CLR|x86.ActiveCfg = Release Static|Win32
		{935A68BE-7042-4A94-94F8-3C3C05C2B48F}.Release CLR|x86.Build.0 = Release Static|Win32
		{935A68BE-7042-4A94-94F8-3C3C05C2B48F}.Release Static|x86.ActiveCfg = Release Static|Win32
		{935A68BE-7042-4A94-94F8-3C3C05C2B48F}.Release Static|x86.Build.0 = Release Static|Win32
		{935A68BE-7042-4A94-94F8-3C3C05C2B48F}.Release|x86.ActiveCfg = Release|Win32
		{935A68BE-7042-4A94-94F8-3C3C05C2B48F}.Release|x86.Build.0 = Release|Win32
		{935A68BE-7042-4A94-94F8-3C3C05C2B48F}.Unicode Debug CLR|x86.ActiveCfg = Unicode Debug Static|Win32
		{935A68BE-7042-4A94-94F8-3C3C05C2B48F}.Unicode Debug CLR|x86.Build.0 = Unicode Debug Static|Win32
		{935A68BE-7042-4A94-94F8-3C3C05C2B48F}.Unicode Debug Static|x86.ActiveCfg = Unicode Debug Static|Win32
		{935A68BE-7042-4A94-94F8-3C3C05C2B48F}.Unicode Debug Static|x86.Build.0 = Unicode Debug Static|Win32
		{935A68BE-7042-4A94-94F8-3C3C05C2B48F}.Unicode Debug|x86.ActiveCfg = Unicode Debug|Win32
		{935A68BE-7042-4A94-94F8-3C3C05C2B48F}.Unicode Debug|x86.Build.0 = Unicode Debug|Win32
		{935A68BE-7042-4A94-94F8-3C3C05C2B48F}.Unicode Release CLR|x86.ActiveCfg = Unicode Release Static|Win32
		{935A68BE-7042-4A94-94F8-3C3C05C2B48F}.Unicode Release CLR|x86.Build.0 = Unicode Release Static|Win32
		{935A68BE-7042-4A94-94F8-3C3C05C2B48F}.Unicode Release Static|x86.ActiveCfg = Unicode Release Static|Win32
		{935A68BE-7042-4A94-94F8-3C3C05C2B48F}.Unicode Release Static|x86.Build.0 = Unicode Release Static|Win32
		{935A68BE-7042-4A94-94F8-3C3C05C2B48F}.Unicode Release|x86.ActiveCfg = Unicode Release|Win32
		{935A68BE-7042-4A94-94F8-3C3C05C2B48F}.Unicode Release|x86.Build.0 = Unicode Release|Win32
		{13E57A12-A533-4F1D-86C9-9870C789BE39}.Debug CLR|x86.ActiveCfg = Debug Static|Win32
		{13E57A12-A533-4F1D-86C9-9870C789BE39}.Debug CLR|x86.Build.0 = Debug Static|Win32
		{13E57A12-A533-4F1D-86C9-9870C789BE39}.Debug Static|x86.ActiveCfg = Debug Static|Win32
		{13E57A12-A533-4F1D-86C9-9870C789BE39}.Debug Static|x86.Build.0 = Debug Static|Win32
		{13E57A12-A533-4F1D-86C9-9870C789BE39}.Debug|x86.ActiveCfg = Debug|Win32
		{13E57A12-A533-4F1D-86C9-9870C789BE39}.Debug|x86.Build.0 = Debug|Win32
		{13E57A12-A533-4F1D-86C9-9870C789BE39}.Release CLR|x86.ActiveCfg = Release Static|Win32
		{13E57A12-A533-4F1D-86C9-9870C789BE39}.Release CLR|x86.Build.0 = Release Static|Win32
		{13E57A12-A533-4F1D-86C9-9870C789BE39}.Release Static|x86.ActiveCfg = Release Static|Win32
		{13E57A12-A533-4F1D-86C9-9870C789BE39}.Release Static|x86.Build.0 = Release Static|Win32
		{13E57A12-A533-4F1D-86C9-9870C789BE39}.Release|x86.ActiveCfg = Release|Win32
		{13E57A12-A533-4F1D-86C9-9870C789BE39}.Release|x86.Build.0 = Release|Win32
		{13E57A12-A533-4F1D-86C9-9870C789BE39}.Unicode Debug CLR|x86.ActiveCfg = Unicode Debug Static|Win32
		{13E57A12-A533-4F1D-86C9-9870C789BE39}.Unicode Debug CLR|x86.Build.0 = Unicode Debug Static|Win32
		{13E57A12-A533-4F1D-86C9-9870C789BE39}.Unicode Debug Static|x86.ActiveCfg = Unicode Debug Static|Win32
		{13E57A12-A533-4F1D-86C9-9870C789BE39}.Unicode Debug Static|x86.Build.0 = Unicode Debug Static|Win32
		{13E57A12-A533-4F1D-86C9-9870C789BE39}.Unicode Debug|x86.ActiveCfg = Unicode Debug|Win32
		{13E57A12-A533-4F1D-86C9-9870C789BE39}.Unicode Debug|x86.Build.0 = Unicode Debug|Win32
		{13E57A12-A533-4F1D-86C9-9870C789BE39}.Unicode Release CLR|x86.ActiveCfg = Unicode Release Static|Win32
		{13E57A12-A533-4F1D-86C9-9870C789BE39}.Unicode Release CLR|x86.Build.0 = Unicode Release Static|Win32
		{13E57A12-A533-4F1D-86C9-9870C789BE39}.Unicode Release Static|x86.ActiveCfg = Unicode Release Static|Win32
		{13E57A12-A533-4F1D-86C9-9870C789BE39}.Unicode Release Static|x86.Build.0 = Unicode Release Static|Win32
		{13E57A12-A533-4F1D-86C9-9870C789BE39}.Unicode Release|x86.ActiveCfg = Unicode Release|Win32
		{13E57A12-A533-4F1D-86C9-9870C789BE39}.Unicode Release|x86.Build.0 = Unicode Release|Win32
		{09AC8F6B-84CD-4145-BA28-BFAE195961D6}.Debug CLR|x86.ActiveCfg = Debug Static|Win32
		{09AC8F6B-84CD-4145-BA28-BFAE195961D6}.Debug CLR|x86.Build.0 = Debug Static|Win32
		{09AC8F6B-84CD-4145-BA28-BFAE195961D6}.Debug Static|x86.ActiveCfg = Debug Static|Win32
		{09AC8F6B-84CD-4145-BA28-BFAE195961D6}.Debug Static|x86.Build.0 = Debug Static|Win32
		{09AC8F6B-84CD-4145-BA28-BFAE195961D6}.Debug|x86.ActiveCfg = Debug|Win32
		{09AC8F6B-84CD-4145-BA28-BFAE195961D6}.Debug|x86.Build.0 = Debug|Win32
		{09AC8F6B-84CD-4145-BA28-BFAE195961D6}.Release CLR|x86.ActiveCfg = Release Static|Win32
		{09AC8F6B-84CD-4145-BA28-BFAE195961D6}.Release CLR|x86.Build.0 = Release Static|Win32
		{09AC8F6B-84CD-4145-BA28-BFAE195961D6}.Release Static|x86.ActiveCfg = Release Static|Win32
		{09AC8F6B-84CD-4145-BA28-BFAE195961D6}.Release Static|x86.Build.0 = Release Static|Win32
		{09AC8F6B-84CD-4145-BA28-BFAE195961D6}.Release|x86.ActiveCfg = Release|Win32
		{09AC8F6B-84CD-4145-BA28-BFAE195961D6}.Release|x86.Build.0 = Release|Win32
		{09AC8F6B-84CD-4145-BA28-BFAE195961D6}.Unicode Debug CLR|x86.ActiveCfg = Unicode Debug Static|Win32
		{09AC8F6B-84CD-4145-BA28-BFAE195961D6}.Unicode Debug CLR|x86.Build.0 = Unicode Debug Static|Win32
		{09AC8F6B-84CD-4145-BA28-BFAE195961D6}.Unicode Debug Static|x86.ActiveCfg = Unicode Debug Static|Win32
		{09AC8F6B-84CD-4145-BA28-BFAE195961D6}.Unicode Debug Static|x86.Build.0 = Unicode Debug Static|Win32
		{09AC8F6B-84CD-4145-BA28-BFAE195961D6}.Unicode Debug|x86.ActiveCfg = Unicode Debug|Win32
		{09AC8F6B-84CD-4145-BA28-BFAE195961D6}.Unicode Debug|x86.Build.0 = Unicode Debug|Win32
		{09AC8F6B-84CD-4145-BA28-BFAE195961D6}.Unicode Release CLR|x86.ActiveCfg = Unicode Release Static|Win32
		{09AC8F6B-84CD-4145-BA28-BFAE195961D6}.Unicode Release CLR|x86.Build.0 = Unicode Release Static|Win32
		{09AC8F6B-84CD-4145-BA28-BFAE195961D6}.Unicode Release Static|x86.ActiveCfg = Unicode Release Static|Win32
		{09AC8F6B-84CD-4145-BA28-BFAE195961D6}.Unicode Release Static|x86.Build.0 = Unicode Release Static|Win32
		{09AC8F6B-84CD-4145-BA28-BFAE195961D6}.Unicode Release|x86.ActiveCfg = Unicode Release|Win32
		{09AC8F6B-84CD-4145-BA28-BFAE195961D6}.Unicode Release|x86.Build.0 = Unicode Release|Win32
		{22318805-4E74-4658-90F0-3B03B1D9D855}.Debug CLR|x86.ActiveCfg = Debug Static|Win32
		{22318805-4E74-4658-90F0-3B03B1D9D855}.Debug CLR|x86.Build.0 = Debug Static|Win32
		{22318805-4E74-4658-90F0-3B03B1D9D855}.Debug Static|x86.ActiveCfg = Debug Static|Win32
		{22318805-4E74-4658-90F0-3B03B1D9D855}.Debug Static|x86.Build.0 = Debug Static|Win32
		{22318805-4E74-4658-90F0-3B03B1D9D855}.Debug|x86.ActiveCfg = Debug|Win32
		{22318805-4E74-4658-90F0-3B03B1D9D855}.Debug|x86.Build.0 = Debug|Win32
		{22318805-4E74-4658-90F0-3B03B1D9D855}.Release CLR|x86.ActiveCfg = Release Static|Win32
		{22318805-4E74-4658-90F0-3B03B1D9D855}.Release CLR|x86.Build.0 = Release Static|Win32
		{22318805-4E74-4658-90F0-3B03B1D9D855}.Release Static|x86.ActiveCfg = Release Static|Win32
		{22318805-4E74-4658-90F0-3B03B1D9D855}.Release Static|x86.Build.0 = Release Static|Win32
		{22318805-4E74-4658-90F0-3B03B1D9D855}.Release|x86.ActiveCfg = Release|Win32
		{22318805-4E74-4658-90F0-3B03B1D9D855}.Release|x86.Build.0 = Release|Win32
		{22318805-4E74-4658-90F0-3B03B1D9D855}.Unicode Debug CLR|x86.ActiveCfg = Unicode Debug Static|Win32
		{22318805-4E74-4658-90F0-3B03B1D9D855}.Unicode Debug CLR|x86.Build.0 = Unicode Debug Static|Win32
		{22318805-4E74-4658-90F0-3B03B1D9D855}.Unicode Debug Static|x86.ActiveCfg = Unicode Debug Static|Win32
		{22318805-4E74-4658-90F0-3B03B1D9D855}.Unicode Debug Static|x86.Build.0 = Unicode Debug Static|Win32
		{22318805-4E74-4658-90F0-3B03B1D9D855}.Unicode Debug|x86.ActiveCfg = Unicode Debug|Win32
		{22318805-4E74-4658-90F0-3B03B1D9D855}.Unicode Debug|x86.Build.0 = Unicode Debug|Win32
		{22318805-4E74-4658-90F0-3B03B1D9D855}.Unicode Release CLR|x86.ActiveCfg = Unicode Release Static|Win32
		{22318805-4E74-4658-90F0-3B03B1D9D855}.Unicode Release CLR|x86.Build.0 = Unicode Release Static|Win32
		{22318805-4E74-4658-90F0-3B03B1D9D855}.Unicode Release Static|x86.ActiveCfg = Unicode Release Static|Win32
		{22318805-4E74-4658-90F0-3B03B1D9D855}.Unicode Release Static|x86.Build.0 = Unicode Release Static|Win32
		{22318805-4E74-4658-90F0-3B03B1D9D855}.Unicode Release|x86.ActiveCfg = Unicode Release|Win32
		{22318805-4E74-4658-90F0-3B03B1D9D855}.Unicode Release|x86.Build.0 = Unicode Release|Win32
		{7D7AB2E6-C684-4A87-8517-338FFE51F8AE}.Debug CLR|x86.ActiveCfg = Debug Static|Win32
		{7D7AB2E6-C684-4A87-8517-338FFE51F8AE}.Debug CLR|x86.Build.0 = Debug Static|Win32
		{7D7AB2E6-C684-4A87-8517-338FFE51F8AE}.Debug Static|x86.ActiveCfg = Debug Static|Win32
		{7D7AB2E6-C684-4A87-8517-338FFE51F8AE}.Debug Static|x86.Build.0 = Debug Static|Win32
		{7D7AB2E6-C684-4A87-8517-338FFE51F8AE}.Debug|x86.ActiveCfg = Debug|Win32
		{7D7AB2E6-C684-4A87-8517-338FFE51F8AE}.Debug|x86.Build.0 = Debug|Win32
		{7D7AB2E6-C684-4A87-8517-338FFE51F8AE}.Release CLR|x86.ActiveCfg = Release Static|Win32
		{7D7AB2E6-C684-4A87-8517-338FFE51F8AE}.Release CLR|x86.Build.0 = Release Static|Win32
		{7D7AB2E6-C684-4A87-8517-338FFE51F8AE}.Release Static|x86.ActiveCfg = Release Static|Win32
		{7D7AB2E6-C684-4A87-8517-338FFE51F8AE}.Release Static|x86.Build.0 = Release Static|Win32
		{7D7AB2E6-C684-4A87-8517-338FFE51F8AE}.Release|x86.ActiveCfg = Release|Win32
		{7D7AB2E6-C684-4A87-8517-338FFE51F8AE}.Release|x86.Build.0 = Release|Win32
		{7D7AB2E6-C684-4A87-8517-338FFE51F8AE}.Unicode Debug CLR|x86.ActiveCfg = Unicode Debug Static|Win32
		{7D7AB2E6-C684-4A87-8517-338FFE51F8AE}.Unicode Debug CLR|x86.Build.0 = Unicode Debug Static|Win32
		{7D7AB2E6-C684-4A87-8517-338FFE51F8AE}.Unicode Debug Static|x86.ActiveCfg = Unicode Debug Static|Win32
		{7D7AB2E6-C684-4A87-8517-338FFE51F8AE}.Unicode Debug Static|x86.Build.0 = Unicode Debug Static|Win32
		{7D7AB2E6-C684-4A87-8517-338FFE51F8AE}.Unicode Debug|x86.ActiveCfg = Unicode Debug|Win32
		{7D7AB2E6-C684-4A87-8517-338FFE51F8AE}.Unicode Debug|x86.Build.0 = Unicode Debug|Win32
		{7D7AB2E6-C684-4A87-8517-338FFE51F8AE}.Unicode Release CLR|x86.ActiveCfg = Unicode Release Static|Win32
		{7D7AB2E6-C684-4A87-8517-338FFE51F8AE}.Unicode Release CLR|x86.Build.0 = Unicode Release Static|Win32
		{7D7AB2E6-C684-4A87-8517-338FFE51F8AE}.Unicode Release Static|x86.ActiveCfg = Unicode Release Static|Win32
		{7D7AB2E6-C684-4A87-8517-338FFE51F8AE}.Unicode Release Static|x86.Build.0 = Unicode Release Static|Win32
		{7D7AB2E6-C684-4A87-8517-338FFE51F8AE}.Unicode Release|x86.ActiveCfg = Unicode Release|Win32
		{7D7AB2E6-C684-4A87-8517-338FFE51F8AE}.Unicode Release|x86.Build.0 = Unicode Release|Win32
		{B9D17DF6-5A82-48B6-A373-50959475A998}.Debug CLR|x86.ActiveCfg = Debug CLR|Win32
		{B9D17DF6-5A82-48B6-A373-50959475A998}.Debug CLR|x86.Build.0 = Debug CLR|Win32
		{B9D17DF6-5A82-48B6-A373-50959475A998}.Debug Static|x86.ActiveCfg = Debug Static|Win32
		{B9D17DF6-5A82-48B6-A373-50959475A998}.Debug Static|x86.Build.0 = Debug Static|Win32
		{B9D17DF6-5A82-48B6-A373-50959475A998}.Debug|x86.ActiveCfg = Debug|Win32
		{B9D17DF6-5A82-48B6-A373-50959475A998}.Debug|x86.Build.0 = Debug|Win32
		{B9D17DF6-5A82-48B6-A373-50959475A998}.Release CLR|x86.ActiveCfg = Release CLR|Win32
		{B9D17DF6-5A82-48B6-A373-50959475A998}.Release CLR|x86.Build.0 = Release CLR|Win32
		{B9D17DF6-5A82-48B6-A373-50959475A998}.Release Static|x86.ActiveCfg = Release Static|Win32
		{B9D17DF6-5A82-48B6-A373-50959475A998}.Release Static|x86.Build.0 = Release Static|Win32
		{B9D17DF6-5A82-48B6-A373-50959475A998}.Release|x86.ActiveCfg = Release|Win32
		{B9D17DF6-5A82-48B6-A373-50959475A998}.Release|x86.Build.0 = Release|Win32
		{B9D17DF6-5A82-48B6-A373-50959475A998}.Unicode Debug CLR|x86.ActiveCfg = Unicode Debug CLR|Win32
		{B9D17DF6-5A82-48B6-A373-50959475A998}.Unicode Debug CLR|x86.Build.0 = Unicode Debug CLR|Win32
		{B9D17DF6-5A82-48B6-A373-50959475A998}.Unicode Debug Static|x86.ActiveCfg = Unicode Debug Static|Win32
		{B9D17DF6-5A82-48B6-A373-50959475A998}.Unicode Debug Static|x86.Build.0 = Unicode Debug Static|Win32
		{B9D17DF6-5A82-48B6-A373-50959475A998}.Unicode Debug|x86.ActiveCfg = Unicode Debug|Win32
		{B9D17DF6-5A82-48B6-A373-50959475A998}.Unicode Debug|x86.Build.0 = Unicode Debug|Win32
		{B9D17DF6-5A82-48B6-A373-50959475A998}.Unicode Release CLR|x86.ActiveCfg = Unicode Release CLR|Win32
		{B9D17DF6-5A82-48B6-A373-50959475A998}.Unicode Release CLR|x86.Build.0 = Unicode Release CLR|Win32
		{B9D17DF6-5A82-48B6-A373-50959475A998}.Unicode Release Static|x86.ActiveCfg = Unicode Release Static|Win32
		{B9D17DF6-5A82-48B6-A373-50959475A998}.Unicode Release Static|x86.Build.0 = Unicode Release Static|Win32
		{B9D17DF6-5A82-48B6-A373-50959475A998}.Unicode Release|x86.ActiveCfg = Unicode Release|Win32
		{B9D17DF6-5A82-48B6-A373-50959475A998}.Unicode Release|x86.Build.0 = Unicode Release|Win32
		{180997DB-805B-4A8C-8788-48C4BC67C471}.Debug CLR|x86.ActiveCfg = Debug CLR|Win32
		{180997DB-805B-4A8C-8788-48C4BC67C471}.Debug CLR|x86.Build.0 = Debug CLR|Win32
		{180997DB-805B-4A8C-8788-48C4BC67C471}.Debug Static|x86.ActiveCfg = Debug Static|Win32
		{180997DB-805B-4A8C-8788-48C4BC67C471}.Debug Static|x86.Build.0 = Debug Static|Win32
		{180997DB-805B-4A8C-8788-48C4BC67C471}.Debug|x86.ActiveCfg = Debug|Win32
		{180997DB-805B-4A8C-8788-48C4BC67C471}.Debug|x86.Build.0 = Debug|Win32
		{180997DB-805B-4A8C-8788-48C4BC67C471}.Release CLR|x86.ActiveCfg = Release CLR|Win32
		{180997DB-805B-4A8C-8788-48C4BC67C471}.Release CLR|x86.Build.0 = Release CLR|Win32
		{180997DB-805B-4A8C-8788-48C4BC67C471}.Release Static|x86.ActiveCfg = Release Static|Win32
		{180997DB-805B-4A8C-8788-48C4BC67C471}.Release Static|x86.Build.0 = Release Static|Win32
		{180997DB-805B-4A8C-8788-48C4BC67C471}.Release|x86.ActiveCfg = Release|Win32
		{180997DB-805B-4A8C-8788-48C4BC67C471}.Release|x86.Build.0 = Release|Win32
		{180997DB-805B-4A8C-8788-48C4BC67C471}.Unicode Debug CLR|x86.ActiveCfg = Unicode Debug CLR|Win32
		{180997DB-805B-4A8C-8788-48C4BC67C471}.Unicode Debug CLR|x86.Build.0 = Unicode Debug CLR|Win32
		{180997DB-805B-4A8C-8788-48C4BC67C471}.Unicode Debug Static|x86.ActiveCfg = Unicode Debug Static|Win32
		{180997DB-805B-4A8C-8788-48C4BC67C471}.Unicode Debug Static|x86.Build.0 = Unicode Debug Static|Win32
		{180997DB-805B-4A8C-8788-48C4BC67C471}.Unicode Debug|x86.ActiveCfg = Unicode Debug|Win32
		{180997DB-805B-4A8C-8788-48C4BC67C471}.Unicode Debug|x86.Build.0 = Unicode Debug|Win32
		{180997DB-805B-4A8C-8788-48C4BC67C471}.Unicode Release CLR|x86.ActiveCfg = Unicode Release CLR|Win32
		{180997DB-805B-4A8C-8788-48C4BC67C471}.Unicode Release CLR|x86.Build.0 = Unicode Release CLR|Win32
		{180997DB-805B-4A8C-8788-48C4BC67C471}.Unicode Release Static|x86.ActiveCfg = Unicode Release Static|Win32
		{180997DB-805B-4A8C-8788-48C4BC67C471}.Unicode Release Static|x86.Build.0 = Unicode Release Static|Win32
		{180997DB-805B-4A8C-8788-48C4BC67C471}.Unicode Release|x86.ActiveCfg = Unicode Release|Win32
		{180997DB-805B-4A8C-8788-48C4BC67C471}.Unicode Release|x86.Build.0 = Unicode Release|Win32
		{491D63E1-0D49-4470-A1E1-AF28BBDA09F8}.Debug CLR|x86.ActiveCfg = Debug Static|Win32
		{491D63E1-0D49-4470-A1E1-AF28BBDA09F8}.Debug CLR|x86.Build.0 = Debug Static|Win32
		{491D63E1-0D49-4470-A1E1-AF28BBDA09F8}.Debug Static|x86.ActiveCfg = Debug Static|Win32
		{491D63E1-0D49-4470-A1E1-AF28BBDA09F8}.Debug Static|x86.Build.0 = Debug Static|Win32
		{491D63E1-0D49-4470-A1E1-AF28BBDA09F8}.Debug|x86.ActiveCfg = Debug|Win32
		{491D63E1-0D49-4470-A1E1-AF28BBDA09F8}.Debug|x86.Build.0 = Debug|Win32
		{491D63E1-0D49-4470-A1E1-AF28BBDA09F8}.Release CLR|x86.ActiveCfg = Release Static|Win32
		{491D63E1-0D49-4470-A1E1-AF28BBDA09F8}.Release CLR|x86.Build.0 = Release Static|Win32
		{491D63E1-0D49-4470-A1E1-AF28BBDA09F8}.Release Static|x86.ActiveCfg = Release Static|Win32
		{491D63E1-0D49-4470-A1E1-AF28BBDA09F8}.Release Static|x86.Build.0 = Release Static|Win32
		{491D63E1-0D49-4470-A1E1-AF28BBDA09F8}.Release|x86.ActiveCfg = Release|Win32
		{491D63E1-0D49-4470-A1E1-AF28BBDA09F8}.Release|x86.Build.0 = Release|Win32
		{491D63E1-0D49-4470-A1E1-AF28BBDA09F8}.Unicode Debug CLR|x86.ActiveCfg = Unicode Debug Static|Win32
		{491D63E1-0D49-4470-A1E1-AF28BBDA09F8}.Unicode Debug CLR|x86.Build.0 = Unicode Debug Static|Win32
		{491D63E1-0D49-4470-A1E1-AF28BBDA09F8}.Unicode Debug Static|x86.ActiveCfg = Unicode Debug Static|Win32
		{491D63E1-0D49-4470-A1E1-AF28BBDA09F8}.Unicode Debug Static|x86.Build.0 = Unicode Debug Static|Win32
		{491D63E1-0D49-4470-A1E1-AF28BBDA09F8}.Unicode Debug|x86.ActiveCfg = Unicode Debug|Win32
		{491D63E1-0D49-4470-A1E1-AF28BBDA09F8}.Unicode Debug|x86.Build.0 = Unicode Debug|Win32
		{491D63E1-0D49-4470-A1E1-AF28BBDA09F8}.Unicode Release CLR|x86.ActiveCfg = Unicode Release Static|Win32
		{491D63E1-0D49-4470-A1E1-AF28BBDA09F8}.Unicode Release CLR|x86.Build.0 = Unicode Release Static|Win32
		{491D63E1-0D49-4470-A1E1-AF28BBDA09F8}.Unicode Release Static|x86.ActiveCfg = Unicode Release Static|Win32
		{491D63E1-0D49-4470-A1E1-AF28BBDA09F8}.Unicode Release Static|x86.Build.0 = Unicode Release Static|Win32
		{491D63E1-0D49-4470-A1E1-AF28BBDA09F8}.Unicode Release|x86.ActiveCfg = Unicode Release|Win32
		{491D63E1-0D49-4470-A1E1-AF28BBDA09F8}.Unicode Release|x86.Build.0 = Unicode Release|Win32
		{2248F8B6-80A9-416F-822C-073E60798DAE}.Debug CLR|x86.ActiveCfg = Debug Static|Win32
		{2248F8B6-80A9-416F-822C-073E60798DAE}.Debug CLR|x86.Build.0 = Debug Static|Win32
		{2248F8B6-80A9-416F-822C-073E60798DAE}.Debug Static|x86.ActiveCfg = Debug Static|Win32
		{2248F8B6-80A9-416F-822C-073E60798DAE}.Debug Static|x86.Build.0 = Debug Static|Win32
		{2248F8B6-80A9-416F-822C-073E60798DAE}.Debug|x86.ActiveCfg = Debug|Win32
		{2248F8B6-80A9-416F-822C-073E60798DAE}.Debug|x86.Build.0 = Debug|Win32
		{2248F8B6-80A9-416F-822C-073E60798DAE}.Release CLR|x86.ActiveCfg = Release Static|Win32
		{2248F8B6-80A9-416F-822C-073E60798DAE}.Release CLR|x86.Build.0 = Release Static|Win32
		{2248F8B6-80A9-416F-822C-073E60798DAE}.Release Static|x86.ActiveCfg = Release Static|Win32
		{2248F8B6-80A9-416F-822C-073E60798DAE}.Release Static|x86.Build.0 = Release Static|Win32
		{2248F8B6-80A9-416F-822C-073E60798DAE}.Release|x86.ActiveCfg = Release|Win32
		{2248F8B6-80A9-416F-822C-073E60798DAE}.Release|x86.Build.0 = Release|Win32
		{2248F8B6-80A9-416F-822C-073E60798DAE}.Unicode Debug CLR|x86.ActiveCfg = Unicode Debug Static|Win32
		{2248F8B6-80A9-416F-822C-073E60798DAE}.Unicode Debug CLR|x86.Build.0 = Unicode Debug Static|Win32
		{2248F8B6-80A9-416F-822C-073E60798DAE}.Unicode Debug Static|x86.ActiveCfg = Unicode Debug Static|Win32
		{2248F8B6-80A9-416F-822C-073E60798DAE}.Unicode Debug Static|x86.Build.0 = Unicode Debug Static|Win32
		{2248F8B6-80A9-416F-822C-073E60798DAE}.Unicode Debug|x86.ActiveCfg = Unicode Debug|Win32
		{2248F8B6-80A9-416F-822C-073E60798DAE}.Unicode Debug|x86.Build.0 = Unicode Debug|Win32
		{2248F8B6-80A9-416F-822C-073E60798DAE}.Unicode Release CLR|x86.ActiveCfg = Unicode Release Static|Win32
		{2248F8B6-80A9-416F-822C-073E60798DAE}.Unicode Release CLR|x86.Build.0 = Unicode Release Static|Win32
		{2248F8B6-80A9-416F-822C-073E60798DAE}.Unicode Release Static|x86.ActiveCfg = Unicode Release Static|Win32
		{2248F8B6-80A9-416F-822C-073E60798DAE}.Unicode Release Static|x86.Build.0 = Unicode Release Static|Win32
		{2248F8B6-80A9-416F-822C-073E60798DAE}.Unicode Release|x86.ActiveCfg = Unicode Release|Win32
		{2248F8B6-80A9-416F-822C-073E60798DAE}.Unicode Release|x86.Build.0 = Unicode Release|Win32
		{3037585E-E983-4B37-A9D7-47D0EBF57DCF}.Debug CLR|x86.ActiveCfg = Debug Static|Win32
		{3037585E-E983-4B37-A9D7-47D0EBF57DCF}.Debug CLR|x86.Build.0 = Debug Static|Win32
		{3037585E-E983-4B37-A9D7-47D0EBF57DCF}.Debug Static|x86.ActiveCfg = Debug Static|Win32
		{3037585E-E983-4B37-A9D7-47D0EBF57DCF}.Debug Static|x86.Build.0 = Debug Static|Win32
		{3037585E-E983-4B37-A9D7-47D0EBF57DCF}.Debug|x86.ActiveCfg = Debug|Win32
		{3037585E-E983-4B37-A9D7-47D0EBF57DCF}.Debug|x86.Build.0 = Debug|Win32
		{3037585E-E983-4B37-A9D7-47D0EBF57DCF}.Release CLR|x86.ActiveCfg = Release Static|Win32
		{3037585E-E983-4B37-A9D7-47D0EBF57DCF}.Release CLR|x86.Build.0 = Release Static|Win32
		{3037585E-E983-4B37-A9D7-47D0EBF57DCF}.Release Static|x86.ActiveCfg = Release Static|Win32
		{3037585E-E983-4B37-A9D7-47D0EBF57DCF}.Release Static|x86.Build.0 = Release Static|Win32
		{3037585E-E983-4B37-A9D7-47D0EBF57DCF}.Release|x86.ActiveCfg = Release|Win32
		{3037585E-E983-4B37-A9D7-47D0EBF57DCF}.Release|x86.Build.0 = Release|Win32
		{3037585E-E983-4B37-A9D7-47D0EBF57DCF}.Unicode Debug CLR|x86.ActiveCfg = Unicode Debug Static|Win32
		{3037585E-E983-4B37-A9D7-47D0EBF57DCF}.Unicode Debug CLR|x86.Build.0 = Unicode Debug Static|Win32
		{3037585E-E983-4B37-A9D7-47D0EBF57DCF}.Unicode Debug Static|x86.ActiveCfg = Unicode Debug Static|Win32
		{3037585E-E983-4B37-A9D7-47D0EBF57DCF}.Unicode Debug Static|x86.Build.0 = Unicode Debug Static|Win32
		{3037585E-E983-4B37-A9D7-47D0EBF57DCF}.Unicode Debug|x86.ActiveCfg = Unicode Debug|Win32
		{3037585E-E983-4B37-A9D7-47D0EBF57DCF}.Unicode Debug|x86.Build.0 = Unicode Debug|Win32
		{3037585E-E983-4B37-A9D7-47D0EBF57DCF}.Unicode Release CLR|x86.ActiveCfg = Unicode Release Static|Win32
		{3037585E-E983-4B37-A9D7-47D0EBF57DCF}.Unicode Release CLR|x86.Build.0 = Unicode Release Static|Win32
		{3037585E-E983-4B37-A9D7-47D0EBF57DCF}.Unicode Release Static|x86.ActiveCfg = Unicode Release Static|Win32
		{3037585E-E983-4B37-A9D7-47D0EBF57DCF}.Unicode Release Static|x86.Build.0 = Unicode Release Static|Win32
		{3037585E-E983-4B37-A9D7-47D0EBF57DCF}.Unicode Release|x86.ActiveCfg = Unicode Release|Win32
		{3037585E-E983-4B37-A9D7-47D0EBF57DCF}.Unicode Release|x86.Build.0 = Unicode Release|Win32
		{9EB0AB3E-A301-42F9-9157-D6C9DFF5597A}.Debug CLR|x86.ActiveCfg = Debug Static|Win32
		{9EB0AB3E-A301-42F9-9157-D6C9DFF5597A}.Debug CLR|x86.Build.0 = Debug Static|Win32
		{9EB0AB3E-A301-42F9-9157-D6C9DFF5597A}.Debug Static|x86.ActiveCfg = Debug Static|Win32
		{9EB0AB3E-A301-42F9-9157-D6C9DFF5597A}.Debug Static|x86.Build.0 = Debug Static|Win32
		{9EB0AB3E-A301-42F9-9157-D6C9DFF5597A}.Debug|x86.ActiveCfg = Debug|Win32
		{9EB0AB3E-A301-42F9-9157-D6C9DFF5597A}.Debug|x86.Build.0 = Debug|Win32
		{9EB0AB3E-A301-42F9-9157-D6C9DFF5597A}.Release CLR|x86.ActiveCfg = Release Static|Win32
		{9EB0AB3E-A301-42F9-9157-D6C9DFF5597A}.Release CLR|x86.Build.0 = Release Static|Win32
		{9EB0AB3E-A301-42F9-9157-D6C9DFF5597A}.Release Static|x86.ActiveCfg = Release Static|Win32
		{9EB0AB3E-A301-42F9-9157-D6C9DFF5597A}.Release Static|x86.Build.0 = Release Static|Win32
		{9EB0AB3E-A301-42F9-9157-D6C9DFF5597A}.Release|x86.ActiveCfg = Release|Win32
		{9EB0AB3E-A301-42F9-9157-D6C9DFF5597A}.Release|x86.Build.0 = Release|Win32
		{9EB0AB3E-A301-42F9-9157-D6C9DFF5597A}.Unicode Debug CLR|x86.ActiveCfg = Unicode Debug Static|Win32
		{9EB0AB3E-A301-42F9-9157-D6C9DFF5597A}.Unicode Debug CLR|x86.Build.0 = Unicode Debug Static|Win32
		{9EB0AB3E-A301-42F9-9157-D6C9DFF5597A}.Unicode Debug Static|x86.ActiveCfg = Unicode Debug Static|Win32
		{9EB0AB3E-A301-42F9-9157-D6C9DFF5597A}.Unicode Debug Static|x86.Build.0 = Unicode Debug Static|Win32
		{9EB0AB3E-A301-42F9-9157-D6C9DFF5597A}.Unicode Debug|x86.ActiveCfg = Unicode Debug|Win32
		{9EB0AB3E-A301-42F9-9157-D6C9DFF5597A}.Unicode Debug|x86.Build.0 = Unicode Debug|Win32
		{9EB0AB3E-A301-42F9-9157-D6C9DFF5597A}.Unicode Release CLR|x86.ActiveCfg = Unicode Release Static|Win32
		{9EB0AB3E-A301-42F9-9157-D6C9DFF5597A}.Unicode Release CLR|x86.Build.0 = Unicode Release Static|Win32
		{9EB0AB3E-A301-42F9-9157-D6C9DFF5597A}.Unicode Release Static|x86.ActiveCfg = Unicode Release Static|Win32
		{9EB0AB3E-A301-42F9-9157-D6C9DFF5597A}.Unicode Release Static|x86.Build.0 = Unicode Release Static|Win32
		{9EB0AB3E-A301-42F9-9157-D6C9DFF5597A}.Unicode Release|x86.ActiveCfg = Unicode Release|Win32
		{9EB0AB3E-A301-42F9-9157-D6C9DFF5597A}.Unicode Release|x86.Build.0 = Unicode Release|Win32
		{75AB5940-42EC-4403-89C2-4CF1D2923B33}.Debug CLR|x86.ActiveCfg = Debug Static|Win32
		{75AB5940-42EC-4403-89C2-4CF1D2923B33}.Debug CLR|x86.Build.0 = Debug Static|Win32
		{75AB5940-42EC-4403-89C2-4CF1D2923B33}.Debug Static|x86.ActiveCfg = Debug Static|Win32
		{75AB5940-42EC-4403-89C2-4CF1D2923B33}.Debug Static|x86.Build.0 = Debug Static|Win32
		{75AB5940-42EC-4403-89C2-4CF1D2923B33}.Debug|x86.ActiveCfg = Debug|Win32
		{75AB5940-42EC-4403-89C2-4CF1D2923B33}.Debug|x86.Build.0 = Debug|Win32
		{75AB5940-42EC-4403-89C2-4CF1D2923B33}.Release CLR|x86.ActiveCfg = Release Static|Win32
		{75AB5940-42EC-4403-89C2-4CF1D2923B33}.Release CLR|x86.Build.0 = Release Static|Win32
		{75AB5940-42EC-4403-89C2-4CF1D2923B33}.Release Static|x86.ActiveCfg = Release Static|Win32
		{75AB5940-42EC-4403-89C2-4CF1D2923B33}.Release Static|x86.Build.0 = Release Static|Win32
		{75AB5940-42EC-4403-89C2-4CF1D2923B33}.Release|x86.ActiveCfg = Release|Win32
		{75AB5940-42EC-4403-89C2-4CF1D2923B33}.Release|x86.Build.0 = Release|Win32
		{75AB5940-42EC-4403-89C2-4CF1D2923B33}.Unicode Debug CLR|x86.ActiveCfg = Unicode Debug Static|Win32
		{75AB5940-42EC-4403-89C2-4CF1D2923B33}.Unicode Debug CLR|x86.Build.0 = Unicode Debug Static|Win32
		{75AB5940-42EC-4403-89C2-4CF1D2923B33}.Unicode Debug Static|x86.ActiveCfg = Unicode Debug Static|Win32
		{75AB5940-42EC-4403-89C2-4CF1D2923B33}.Unicode Debug Static|x86.Build.0 = Unicode Debug Static|Win32
		{75AB5940-42EC-4403-89C2-4CF1D2923B33}.Unicode Debug|x86.ActiveCfg = Unicode Debug|Win32
		{75AB5940-42EC-4403-89C2-4CF1D2923B33}.Unicode Debug|x86.Build.0 = Unicode Debug|Win32
		{75AB5940-42EC-4403-89C2-4CF1D2923B33}.Unicode Release CLR|x86.ActiveCfg = Unicode Release Static|Win32
		{75AB5940-42EC-4403-89C2-4CF1D2923B33}.Unicode Release CLR|x86.Build.0 = Unicode Release Static|Win32
		{75AB5940-42EC-4403-89C2-4CF1D2923B33}.Unicode Release Static|x86.ActiveCfg = Unicode Release Static|Win32
		{75AB5940-42EC-4403-89C2-4CF1D2923B33}.Unicode Release Static|x86.Build.0 = Unicode Release Static|Win32
		{75AB5940-42EC-4403-89C2-4CF1D2923B33}.Unicode Release|x86.ActiveCfg = Unicode Release|Win32
		{75AB5940-42EC-4403-89C2-4CF1D2923B33}.Unicode Release|x86.Build.0 = Unicode Release|Win32
		{E2F63C24-80ED-4BA1-B3BA-81F2B12C6D58}.Debug CLR|x86.ActiveCfg = Debug Static|Win32
		{E2F63C24-80ED-4BA1-B3BA-81F2B12C6D58}.Debug CLR|x86.Build.0 = Debug Static|Win32
		{E2F63C24-80ED-4BA1-B3BA-81F2B12C6D58}.Debug Static|x86.ActiveCfg = Debug Static|Win32
		{E2F63C24-80ED-4BA1-B3BA-81F2B12C6D58}.Debug Static|x86.Build.0 = Debug Static|Win32
		{E2F63C24-80ED-4BA1-B3BA-81F2B12C6D58}.Debug|x86.ActiveCfg = Debug|Win32
		{E2F63C24-80ED-4BA1-B3BA-81F2B12C6D58}.Debug|x86.Build.0 = Debug|Win32
		{E2F63C24-80ED-4BA1-B3BA-81F2B12C6D58}.Release CLR|x86.ActiveCfg = Release Static|Win32
		{E2F63C24-80ED-4BA1-B3BA-81F2B12C6D58}.Release CLR|x86.Build.0 = Release Static|Win32
		{E2F63C24-80ED-4BA1-B3BA-81F2B12C6D58}.Release Static|x86.ActiveCfg = Release Static|Win32
		{E2F63C24-80ED-4BA1-B3BA-81F2B12C6D58}.Release Static|x86.Build.0 = Release Static|Win32
		{E2F63C24-80ED-4BA1-B3BA-81F2B12C6D58}.Release|x86.ActiveCfg = Release|Win32
		{E2F63C24-80ED-4BA1-B3BA-81F2B12C6D58}.Release|x86.Build.0 = Release|Win32
		{E2F63C24-80ED-4BA1-B3BA-81F2B12C6D58}.Unicode Debug CLR|x86.ActiveCfg = Unicode Debug Static|Win32
		{E2F63C24-80ED-4BA1-B3BA-81F2B12C6D58}.Unicode Debug CLR|x86.Build.0 = Unicode Debug Static|Win32
		{E2F63C24-80ED-4BA1-B3BA-81F2B12C6D58}.Unicode Debug Static|x86.ActiveCfg = Unicode Debug Static|Win32
		{E2F63C24-80ED-4BA1-B3BA-81F2B12C6D58}.Unicode Debug Static|x86.Build.0 = Unicode Debug Static|Win32
		{E2F63C24-80ED-4BA1-B3BA-81F2B12C6D58}.Unicode Debug|x86.ActiveCfg = Unicode Debug|Win32
		{E2F63C24-80ED-4BA1-B3BA-81F2B12C6D58}.Unicode Debug|x86.Build.0 = Unicode Debug|Win32
		{E2F63C24-80ED-4BA1-B3BA-81F2B12C6D58}.Unicode Release CLR|x86.ActiveCfg = Unicode Release Static|Win32
		{E2F63C24-80ED-4BA1-B3BA-81F2B12C6D58}.Unicode Release CLR|x86.Build.0 = Unicode Release Static|Win32
		{E2F63C24-80ED-4BA1-B3BA-81F2B12C6D58}.Unicode Release Static|x86.ActiveCfg = Unicode Release Static|Win32
		{E2F63C24-80ED-4BA1-B3BA-81F2B12C6D58}.Unicode Release Static|x86.Build.0 = Unicode Release Static|Win32
		{E2F63C24-80ED-4BA1-B3BA-81F2B12C6D58}.Unicode Release|x86.ActiveCfg = Unicode Release|Win32
		{E2F63C24-80ED-4BA1-B3BA-81F2B12C6D58}.Unicode Release|x86.Build.0 = Unicode Release|Win32
		{5F7FB397-DEAD-429A-B097-09B0CCEFBC6D}.Debug CLR|x86.ActiveCfg = Debug Static|Win32
		{5F7FB397-DEAD-429A-B097-09B0CCEFBC6D}.Debug CLR|x86.Build.0 = Debug Static|Win32
		{5F7FB397-DEAD-429A-B097-09B0CCEFBC6D}.Debug Static|x86.ActiveCfg = Debug Static|Win32
		{5F7FB397-DEAD-429A-B097-09B0CCEFBC6D}.Debug Static|x86.Build.0 = Debug Static|Win32
		{5F7FB397-DEAD-429A-B097-09B0CCEFBC6D}.Debug|x86.ActiveCfg = Debug|Win32
		{5F7FB397-DEAD-429A-B097-09B0CCEFBC6D}.Debug|x86.Build.0 = Debug|Win32
		{5F7FB397-DEAD-429A-B097-09B0CCEFBC6D}.Release CLR|x86.ActiveCfg = Release Static|Win32
		{5F7FB397-DEAD-429A-B097-09B0CCEFBC6D}.Release CLR|x86.Build.0 = Release Static|Win32
		{5F7FB397-DEAD-429A-B097-09B0CCEFBC6D}.Release Static|x86.ActiveCfg = Release Static|Win32
		{5F7FB397-DEAD-429A-B097-09B0CCEFBC6D}.Release Static|x86.Build.0 = Release Static|Win32
		{5F7FB397-DEAD-429A-B097-09B0CCEFBC6D}.Release|x86.ActiveCfg = Release|Win32
		{5F7FB397-DEAD-429A-B097-09B0CCEFBC6D}.Release|x86.Build.0 = Release|Win32
		{5F7FB397-DEAD-429A-B097-09B0CCEFBC6D}.Unicode Debug CLR|x86.ActiveCfg = Unicode Debug Static|Win32
		{5F7FB397-DEAD-429A-B097-09B0CCEFBC6D}.Unicode Debug CLR|x86.Build.0 = Unicode Debug Static|Win32
		{5F7FB397-DEAD-429A-B097-09B0CCEFBC6D}.Unicode Debug Static|x86.ActiveCfg = Unicode Debug Static|Win32
		{5F7FB397-DEAD-429A-B097-09B0CCEFBC6D}.Unicode Debug Static|x86.Build.0 = Unicode Debug Static|Win32
		{5F7FB397-DEAD-429A-B097-09B0CCEFBC6D}.Unicode Debug|x86.ActiveCfg = Unicode Debug|Win32
		{5F7FB397-DEAD-429A-B097-09B0CCEFBC6D}.Unicode Debug|x86.Build.0 = Unicode Debug|Win32
		{5F7FB397-DEAD-429A-B097-09B0CCEFBC6D}.Unicode Release CLR|x86.ActiveCfg = Unicode Release Static|Win32
		{5F7FB397-DEAD-429A-B097-09B0CCEFBC6D}.Unicode Release CLR|x86.Build.0 = Unicode Release Static|Win32
		{5F7FB397-DEAD-429A-B097-09B0CCEFBC6D}.Unicode Release Static|x86.ActiveCfg = Unicode Release Static|Win32
		{5F7FB397-DEAD-429A-B097-09B0CCEFBC6D}.Unicode Release Static|x86.Build.0 = Unicode Release Static|Win32
		{5F7FB397-DEAD-429A-B097-09B0CCEFBC6D}.Unicode Release|x86.ActiveCfg = Unicode Release|Win32
		{5F7FB397-DEAD-429A-B097-09B0CCEFBC6D}.Unicode Release|x86.Build.0 = Unicode Release|Win32
		{C72608E4-3958-46FD-9B37-AF735962FB75}.Debug CLR|x86.ActiveCfg = Debug CLR|Win32
		{C72608E4-3958-46FD-9B37-AF735962FB75}.Debug CLR|x86.Build.0 = Debug CLR|Win32
		{C72608E4-3958-46FD-9B37-AF735962FB75}.Debug Static|x86.ActiveCfg = Debug Static|Win32
		{C72608E4-3958-46FD-9B37-AF735962FB75}.Debug Static|x86.Build.0 = Debug Static|Win32
		{C72608E4-3958-46FD-9B37-AF735962FB75}.Debug|x86.ActiveCfg = Debug|Win32
		{C72608E4-3958-46FD-9B37-AF735962FB75}.Debug|x86.Build.0 = Debug|Win32
		{C72608E4-3958-46FD-9B37-AF735962FB75}.Release CLR|x86.ActiveCfg = Release CLR|Win32
		{C72608E4-3958-46FD-9B37-AF735962FB75}.Release CLR|x86.Build.0 = Release CLR|Win32
		{C72608E4-3958-46FD-9B37-AF735962FB75}.Release Static|x86.ActiveCfg = Release Static|Win32
		{C72608E4-3958-46FD-9B37-AF735962FB75}.Release Static|x86.Build.0 = Release Static|Win32
		{C72608E4-3958-46FD-9B37-AF735962FB75}.Release|x86.ActiveCfg = Release|Win32
		{C72608E4-3958-46FD-9B37-AF735962FB75}.Release|x86.Build.0 = Release|Win32
		{C72608E4-3958-46FD-9B37-AF735962FB75}.Unicode Debug CLR|x86.ActiveCfg = Unicode Debug CLR|Win32
		{C72608E4-3958-46FD-9B37-AF735962FB75}.Unicode Debug CLR|x86.Build.0 = Unicode Debug CLR|Win32
		{C72608E4-3958-46FD-9B37-AF735962FB75}.Unicode Debug Static|x86.ActiveCfg = Unicode Debug Static|Win32
		{C72608E4-3958-46FD-9B37-AF735962FB75}.Unicode Debug Static|x86.Build.0 = Unicode Debug Static|Win32
		{C72608E4-3958-46FD-9B37-AF735962FB75}.Unicode Debug|x86.ActiveCfg = Unicode Debug|Win32
		{C72608E4-3958-46FD-9B37-AF735962FB75}.Unicode Debug|x86.Build.0 = Unicode Debug|Win32
		{C72608E4-3958-46FD-9B37-AF735962FB75}.Unicode Release CLR|x86.ActiveCfg = Unicode Release CLR|Win32
		{C72608E4-3958-46FD-9B37-AF735962FB75}.Unicode Release CLR|x86.Build.0 = Unicode Release CLR|Win32
		{C72608E4-3958-46FD-9B37-AF735962FB75}.Unicode Release Static|x86.ActiveCfg = Unicode Release Static|Win32
		{C72608E4-3958-46FD-9B37-AF735962FB75}.Unicode Release Static|x86.Build.0 = Unicode Release Static|Win32
		{C72608E4-3958-46FD-9B37-AF735962FB75}.Unicode Release|x86.ActiveCfg = Unicode Release|Win32
		{C72608E4-3958-46FD-9B37-AF735962FB75}.Unicode Release|x86.Build.0 = Unicode Release|Win32
		{A3F84F9E-D72D-45B5-A5B7-764F71036109}.Debug CLR|x86.ActiveCfg = Debug Static|Win32
		{A3F84F9E-D72D-45B5-A5B7-764F71036109}.Debug CLR|x86.Build.0 = Debug Static|Win32
		{A3F84F9E-D72D-45B5-A5B7-764F71036109}.Debug Static|x86.ActiveCfg = Debug Static|Win32
		{A3F84F9E-D72D-45B5-A5B7-764F71036109}.Debug Static|x86.Build.0 = Debug Static|Win32
		{A3F84F9E-D72D-45B5-A5B7-764F71036109}.Debug|x86.ActiveCfg = Debug|Win32
		{A3F84F9E-D72D-45B5-A5B7-764F71036109}.Debug|x86.Build.0 = Debug|Win32
		{A3F84F9E-D72D-45B5-A5B7-764F71036109}.Release CLR|x86.ActiveCfg = Release Static|Win32
		{A3F84F9E-D72D-45B5-A5B7-764F71036109}.Release CLR|x86.Build.0 = Release Static|Win32
		{A3F84F9E-D72D-45B5-A5B7-764F71036109}.Release Static|x86.ActiveCfg = Release Static|Win32
		{A3F84F9E-D72D-45B5-A5B7-764F71036109}.Release Static|x86.Build.0 = Release Static|Win32
		{A3F84F9E-D72D-45B5-A5B7-764F71036109}.Release|x86.ActiveCfg = Release|Win32
		{A3F84F9E-D72D-45B5-A5B7-764F71036109}.Release|x86.Build.0 = Release|Win32
		{A3F84F9E-D72D-45B5-A5B7-764F71036109}.Unicode Debug CLR|x86.ActiveCfg = Unicode Debug Static|Win32
		{A3F84F9E-D72D-45B5-A5B7-764F71036109}.Unicode Debug CLR|x86.Build.0 = Unicode Debug Static|Win32
		{A3F84F9E-D72D-45B5-A5B7-764F71036109}.Unicode Debug Static|x86.ActiveCfg = Unicode Debug Static|Win32
		{A3F84F9E-D72D-45B5-A5B7-764F71036109}.Unicode Debug Static|x86.Build.0 = Unicode Debug Static|Win32
		{A3F84F9E-D72D-45B5-A5B7-764F71036109}.Unicode Debug|x86.ActiveCfg = Unicode Debug|Win32
		{A3F84F9E-D72D-45B5-A5B7-764F71036109}.Unicode Debug|x86.Build.0 = Unicode Debug|Win32
		{A3F84F9E-D72D-45B5-A5B7-764F71036109}.Unicode Release CLR|x86.ActiveCfg = Unicode Release Static|Win32
		{A3F84F9E-D72D-45B5-A5B7-764F71036109}.Unicode Release CLR|x86.Build.0 = Unicode Release Static|Win32
		{A3F84F9E-D72D-45B5-A5B7-764F71036109}.Unicode Release Static|x86.ActiveCfg = Unicode Release Static|Win32
		{A3F84F9E-D72D-45B5-A5B7-764F71036109}.Unicode Release Static|x86.Build.0 = Unicode Release Static|Win32
		{A3F84F9E-D72D-45B5-A5B7-764F71036109}.Unicode Release|x86.ActiveCfg = Unicode Release|Win32
		{A3F84F9E-D72D-45B5-A5B7-764F71036109}.Unicode Release|x86.Build.0 = Unicode Release|Win32
		{1747B5BD-AAAD-4C33-8FEB-0FD85DA4A2DF}.Debug CLR|x86.ActiveCfg = Debug Static|Win32
		{1747B5BD-AAAD-4C33-8FEB-0FD85DA4A2DF}.Debug CLR|x86.Build.0 = Debug Static|Win32
		{1747B5BD-AAAD-4C33-8FEB-0FD85DA4A2DF}.Debug Static|x86.ActiveCfg = Debug Static|Win32
		{1747B5BD-AAAD-4C33-8FEB-0FD85DA4A2DF}.Debug Static|x86.Build.0 = Debug Static|Win32
		{1747B5BD-AAAD-4C33-8FEB-0FD85DA4A2DF}.Debug|x86.ActiveCfg = Debug|Win32
		{1747B5BD-AAAD-4C33-8FEB-0FD85DA4A2DF}.Debug|x86.Build.0 = Debug|Win32
		{1747B5BD-AAAD-4C33-8FEB-0FD85DA4A2DF}.Release CLR|x86.ActiveCfg = Release Static|Win32
		{1747B5BD-AAAD-4C33-8FEB-0FD85DA4A2DF}.Release CLR|x86.Build.0 = Release Static|Win32
		{1747B5BD-AAAD-4C33-8FEB-0FD85DA4A2DF}.Release Static|x86.ActiveCfg = Release Static|Win32
		{1747B5BD-AAAD-4C33-8FEB-0FD85DA4A2DF}.Release Static|x86.Build.0 = Release Static|Win32
		{1747B5BD-AAAD-4C33-8FEB-0FD85DA4A2DF}.Release|x86.ActiveCfg = Release|Win32
		{1747B5BD-AAAD-4C33-8FEB-0FD85DA4A2DF}.Release|x86.Build.0 = Release|Win32
		{1747B5BD-AAAD-4C33-8FEB-0FD85DA4A2DF}.Unicode Debug CLR|x86.ActiveCfg = Unicode Debug Static|Win32
		{1747B5BD-AAAD-4C33-8FEB-0FD85DA4A2DF}.Unicode Debug CLR|x86.Build.0 = Unicode Debug Static|Win32
		{1747B5BD-AAAD-4C33-8FEB-0FD85DA4A2DF}.Unicode Debug Static|x86.ActiveCfg = Unicode Debug Static|Win32
		{1747B5BD-AAAD-4C33-8FEB-0FD85DA4A2DF}.Unicode Debug Static|x86.Build.0 = Unicode Debug Static|Win32
		{1747B5BD-AAAD-4C33-8FEB-0FD85DA4A2DF}.Unicode Debug|x86.ActiveCfg = Unicode Debug|Win32
		{1747B5BD-AAAD-4C33-8FEB-0FD85DA4A2DF}.Unicode Debug|x86.Build.0 = Unicode Debug|Win32
		{1747B5BD-AAAD-4C33-8FEB-0FD85DA4A2DF}.Unicode Release CLR|x86.ActiveCfg = Unicode Release Static|Win32
		{1747B5BD-AAAD-4C33-8FEB-0FD85DA4A2DF}.Unicode Release CLR|x86.Build.0 = Unicode Release Static|Win32
		{1747B5BD-AAAD-4C33-8FEB-0FD85DA4A2DF}.Unicode Release Static|x86.ActiveCfg = Unicode Release Static|Win32
		{1747B5BD-AAAD-4C33-8FEB-0FD85DA4A2DF}.Unicode Release Static|x86.Build.0 = Unicode Release Static|Win32
		{1747B5BD-AAAD-4C33-8FEB-0FD85DA4A2DF}.Unicode Release|x86.ActiveCfg = Unicode Release|Win32
		{1747B5BD-AAAD-4C33-8FEB-0FD85DA4A2DF}.Unicode Release|x86.Build.0 = Unicode Release|Win32
		{2CA41BD5-0344-4492-BB00-CF3335804E71}.Debug CLR|x86.ActiveCfg = Debug Static|Win32
		{2CA41BD5-0344-4492-BB00-CF3335804E71}.Debug CLR|x86.Build.0 = Debug Static|Win32
		{2CA41BD5-0344-4492-BB00-CF3335804E71}.Debug Static|x86.ActiveCfg = Debug Static|Win32
		{2CA41BD5-0344-4492-BB00-CF3335804E71}.Debug Static|x86.Build.0 = Debug Static|Win32
		{2CA41BD5-0344-4492-BB00-CF3335804E71}.Debug|x86.ActiveCfg = Debug|Win32
		{2CA41BD5-0344-4492-BB00-CF3335804E71}.Debug|x86.Build.0 = Debug|Win32
		{2CA41BD5-0344-4492-BB00-CF3335804E71}.Release CLR|x86.ActiveCfg = Release Static|Win32
		{2CA41BD5-0344-4492-BB00-CF3335804E71}.Release CLR|x86.Build.0 = Release Static|Win32
		{2CA41BD5-0344-4492-BB00-CF3335804E71}.Release Static|x86.ActiveCfg = Release Static|Win32
		{2CA41BD5-0344-4492-BB00-CF3335804E71}.Release Static|x86.Build.0 = Release Static|Win32
		{2CA41BD5-0344-4492-BB00-CF3335804E71}.Release|x86.ActiveCfg = Release|Win32
		{2CA41BD5-0344-4492-BB00-CF3335804E71}.Release|x86.Build.0 = Release|Win32
		{2CA41BD5-0344-4492-BB00-CF3335804E71}.Unicode Debug CLR|x86.ActiveCfg = Unicode Debug Static|Win32
		{2CA41BD5-0344-4492-BB00-CF3335804E71}.Unicode Debug CLR|x86.Build.0 = Unicode Debug Static|Win32
		{2CA41BD5-0344-4492-BB00-CF3335804E71}.Unicode Debug Static|x86.ActiveCfg = Unicode Debug Static|Win32
		{2CA41BD5-0344-4492-BB00-CF3335804E71}.Unicode Debug Static|x86.Build.0 = Unicode Debug Static|Win32
		{2CA41BD5-0344-4492-BB00-CF3335804E71}.Unicode Debug|x86.ActiveCfg = Unicode Debug|Win32
		{2CA41BD5-0344-4492-BB00-CF3335804E71}.Unicode Debug|x86.Build.0 = Unicode Debug|Win32
		{2CA41BD5-0344-4492-BB00-CF3335804E71}.Unicode Release CLR|x86.ActiveCfg = Unicode Release Static|Win32
		{2CA41BD5-0344-4492-BB00-CF3335804E71}.Unicode Release CLR|x86.Build.0 = Unicode Release Static|Win32
		{2CA41BD5-0344-4492-BB00-CF3335804E71}.Unicode Release Static|x86.ActiveCfg = Unicode Release Static|Win32
		{2CA41BD5-0344-4492-BB00-CF3335804E71}.Unicode Release Static|x86.Build.0 = Unicode Release Static|Win32
		{2CA41BD5-0344-4492-BB00-CF3335804E71}.Unicode Release|x86.ActiveCfg = Unicode Release|Win32
		{2CA41BD5-0344-4492-BB00-CF3335804E71}.Unicode Release|x86.Build.0 = Unicode Release|Win32
		{0E3C3654-331B-4FAA-AF66-6FD515FFB562}.Debug CLR|x86.ActiveCfg = Debug Static|Win32
		{0E3C3654-331B-4FAA-AF66-6FD515FFB562}.Debug CLR|x86.Build.0 = Debug Static|Win32
		{0E3C3654-331B-4FAA-AF66-6FD515FFB562}.Debug Static|x86.ActiveCfg = Debug Static|Win32
		{0E3C3654-331B-4FAA-AF66-6FD515FFB562}.Debug Static|x86.Build.0 = Debug Static|Win32
		{0E3C3654-331B-4FAA-AF66-6FD515FFB562}.Debug|x86.ActiveCfg = Debug|Win32
		{0E3C3654-331B-4FAA-AF66-6FD515FFB562}.Debug|x86.Build.0 = Debug|Win32
		{0E3C3654-331B-4FAA-AF66-6FD515FFB562}.Release CLR|x86.ActiveCfg = Release Static|Win32
		{0E3C3654-331B-4FAA-AF66-6FD515FFB562}.Release CLR|x86.Build.0 = Release Static|Win32
		{0E3C3654-331B-4FAA-AF66-6FD515FFB562}.Release Static|x86.ActiveCfg = Release Static|Win32
		{0E3C3654-331B-4FAA-AF66-6FD515FFB562}.Release Static|x86.Build.0 = Release Static|Win32
		{0E3C3654-331B-4FAA-AF66-6FD515FFB562}.Release|x86.ActiveCfg = Release|Win32
		{0E3C3654-331B-4FAA-AF66-6FD515FFB562}.Release|x86.Build.0 = Release|Win32
		{0E3C3654-331B-4FAA-AF66-6FD515FFB562}.Unicode Debug CLR|x86.ActiveCfg = Unicode Debug Static|Win32
		{0E3C3654-331B-4FAA-AF66-6FD515FFB562}.Unicode Debug CLR|x86.Build.0 = Unicode Debug Static|Win32
		{0E3C3654-331B-4FAA-AF66-6FD515FFB562}.Unicode Debug Static|x86.ActiveCfg = Unicode Debug Static|Win32
		{0E3C3654-331B-4FAA-AF66-6FD515FFB562}.Unicode Debug Static|x86.Build.0 = Unicode Debug Static|Win32
		{0E3C3654-331B-4FAA-AF66-6FD515FFB562}.Unicode Debug|x86.ActiveCfg = Unicode Debug|Win32
		{0E3C3654-331B-4FAA-AF66-6FD515FFB562}.Unicode Debug|x86.Build.0 = Unicode Debug|Win32
		{0E3C3654-331B-4FAA-AF66-6FD515FFB562}.Unicode Release CLR|x86.ActiveCfg = Unicode Release Static|Win32
		{0E3C3654-331B-4FAA-AF66-6FD515FFB562}.Unicode Release CLR|x86.Build.0 = Unicode Release Static|Win32
		{0E3C3654-331B-4FAA-AF66-6FD515FFB562}.Unicode Release Static|x86.ActiveCfg = Unicode Release Static|Win32
		{0E3C3654-331B-4FAA-AF66-6FD515FFB562}.Unicode Release Static|x86.Build.0 = Unicode Release Static|Win32
		{0E3C3654-331B-4FAA-AF66-6FD515FFB562}.Unicode Release|x86.ActiveCfg = Unicode Release|Win32
		{0E3C3654-331B-4FAA-AF66-6FD515FFB562}.Unicode Release|x86.Build.0 = Unicode Release|Win32
		{7D33C9E4-B288-4C15-B6BA-7B05C340D586}.Debug CLR|x86.ActiveCfg = Debug Static|Win32
		{7D33C9E4-B288-4C15-B6BA-7B05C340D586}.Debug CLR|x86.Build.0 = Debug Static|Win32
		{7D33C9E4-B288-4C15-B6BA-7B05C340D586}.Debug Static|x86.ActiveCfg = Debug Static|Win32
		{7D33C9E4-B288-4C15-B6BA-7B05C340D586}.Debug Static|x86.Build.0 = Debug Static|Win32
		{7D33C9E4-B288-4C15-B6BA-7B05C340D586}.Debug|x86.ActiveCfg = Debug|Win32
		{7D33C9E4-B288-4C15-B6BA-7B05C340D586}.Debug|x86.Build.0 = Debug|Win32
		{7D33C9E4-B288-4C15-B6BA-7B05C340D586}.Release CLR|x86.ActiveCfg = Release Static|Win32
		{7D33C9E4-B288-4C15-B6BA-7B05C340D586}.Release CLR|x86.Build.0 = Release Static|Win32
		{7D33C9E4-B288-4C15-B6BA-7B05C340D586}.Release Static|x86.ActiveCfg = Release Static|Win32
		{7D33C9E4-B288-4C15-B6BA-7B05C340D586}.Release Static|x86.Build.0 = Release Static|Win32
		{7D33C9E4-B288-4C15-B6BA-7B05C340D586}.Release|x86.ActiveCfg = Release|Win32
		{7D33C9E4-B288-4C15-B6BA-7B05C340D586}.Release|x86.Build.0 = Release|Win32
		{7D33C9E4-B288-4C15-B6BA-7B05C340D586}.Unicode Debug CLR|x86.ActiveCfg = Unicode Debug Static|Win32
		{7D33C9E4-B288-4C15-B6BA-7B05C340D586}.Unicode Debug CLR|x86.Build.0 = Unicode Debug Static|Win32
		{7D33C9E4-B288-4C15-B6BA-7B05C340D586}.Unicode Debug Static|x86.ActiveCfg = Unicode Debug Static|Win32
		{7D33C9E4-B288-4C15-B6BA-7B05C340D586}.Unicode Debug Static|x86.Build.0 = Unicode Debug Static|Win32
		{7D33C9E4-B288-4C15-B6BA-7B05C340D586}.Unicode Debug|x86.ActiveCfg = Unicode Debug|Win32
		{7D33C9E4-B288-4C15-B6BA-7B05C340D586}.Unicode Debug|x86.Build.0 = Unicode Debug|Win32
		{7D33C9E4-B288-4C15-B6BA-7B05C340D586}.Unicode Release CLR|x86.ActiveCfg = Unicode Release Static|Win32
		{7D33C9E4-B288-4C15-B6BA-7B05C340D586}.Unicode Release CLR|x86.Build.0 = Unicode Release Static|Win32
		{7D33C9E4-B288-4C15-B6BA-7B05C340D586}.Unicode Release Static|x86.ActiveCfg = Unicode Release Static|Win32
		{7D33C9E4-B288-4C15-B6BA-7B05C340D586}.Unicode Release Static|x86.Build.0 = Unicode Release Static|Win32
		{7D33C9E4-B288-4C15-B6BA-7B05C340D586}.Unicode Release|x86.ActiveCfg = Unicode Release|Win32
		{7D33C9E4-B288-4C15-B6BA-7B05C340D586}.Unicode Release|x86.Build.0 = Unicode Release|Win32
		{220D8C5D-067A-46AE-BF1D-EBA93773AF91}.Debug CLR|x86.ActiveCfg = Debug Static|Win32
		{220D8C5D-067A-46AE-BF1D-EBA93773AF91}.Debug CLR|x86.Build.0 = Debug Static|Win32
		{220D8C5D-067A-46AE-BF1D-EBA93773AF91}.Debug Static|x86.ActiveCfg = Debug Static|Win32
		{220D8C5D-067A-46AE-BF1D-EBA93773AF91}.Debug Static|x86.Build.0 = Debug Static|Win32
		{220D8C5D-067A-46AE-BF1D-EBA93773AF91}.Debug|x86.ActiveCfg = Debug|Win32
		{220D8C5D-067A-46AE-BF1D-EBA93773AF91}.Debug|x86.Build.0 = Debug|Win32
		{220D8C5D-067A-46AE-BF1D-EBA93773AF91}.Release CLR|x86.ActiveCfg = Release Static|Win32
		{220D8C5D-067A-46AE-BF1D-EBA93773AF91}.Release CLR|x86.Build.0 = Release Static|Win32
		{220D8C5D-067A-46AE-BF1D-EBA93773AF91}.Release Static|x86.ActiveCfg = Release Static|Win32
		{220D8C5D-067A-46AE-BF1D-EBA93773AF91}.Release Static|x86.Build.0 = Release Static|Win32
		{220D8C5D-067A-46AE-BF1D-EBA93773AF91}.Release|x86.ActiveCfg = Release|Win32
		{220D8C5D-067A-46AE-BF1D-EBA93773AF91}.Release|x86.Build.0 = Release|Win32
		{220D8C5D-067A-46AE-BF1D-EBA93773AF91}.Unicode Debug CLR|x86.ActiveCfg = Unicode Debug Static|Win32
		{220D8C5D-067A-46AE-BF1D-EBA93773AF91}.Unicode Debug CLR|x86.Build.0 = Unicode Debug Static|Win32
		{220D8C5D-067A-46AE-BF1D-EBA93773AF91}.Unicode Debug Static|x86.ActiveCfg = Unicode Debug Static|Win32
		{220D8C5D-067A-46AE-BF1D-EBA93773AF91}.Unicode Debug Static|x86.Build.0 = Unicode Debug Static|Win32
		{220D8C5D-067A-46AE-BF1D-EBA93773AF91}.Unicode Debug|x86.ActiveCfg = Unicode Debug|Win32
		{220D8C5D-067A-46AE-BF1D-EBA93773AF91}.Unicode Debug|x86.Build.0 = Unicode Debug|Win32
		{220D8C5D-067A-46AE-BF1D-EBA93773AF91}.Unicode Release CLR|x86.ActiveCfg = Unicode Release Static|Win32
		{220D8C5D-067A-46AE-BF1D-EBA93773AF91}.Unicode Release CLR|x86.Build.0 = Unicode Release Static|Win32
		{220D8C5D-067A-46AE-BF1D-EBA93773AF91}.Unicode Release Static|x86.ActiveCfg = Unicode Release Static|Win32
		{220D8C5D-067A-46AE-BF1D-EBA93773AF91}.Unicode Release Static|x86.Build.0 = Unicode Release Static|Win32
		{220D8C5D-067A-46AE-BF1D-EBA93773AF91}.Unicode Release|x86.ActiveCfg = Unicode Release|Win32
		{220D8C5D-067A-46AE-BF1D-EBA93773AF91}.Unicode Release|x86.Build.0 = Unicode Release|Win32
		{2CE6212A-85F6-4254-938F-EF97A07347AD}.Debug CLR|x86.ActiveCfg = Debug Static|Win32
		{2CE6212A-85F6-4254-938F-EF97A07347AD}.Debug CLR|x86.Build.0 = Debug Static|Win32
		{2CE6212A-85F6-4254-938F-EF97A07347AD}.Debug Static|x86.ActiveCfg = Debug Static|Win32
		{2CE6212A-85F6-4254-938F-EF97A07347AD}.Debug Static|x86.Build.0 = Debug Static|Win32
		{2CE6212A-85F6-4254-938F-EF97A07347AD}.Debug|x86.ActiveCfg = Debug|Win32
		{2CE6212A-85F6-4254-938F-EF97A07347AD}.Debug|x86.Build.0 = Debug|Win32
		{2CE6212A-85F6-4254-938F-EF97A07347AD}.Release CLR|x86.ActiveCfg = Release Static|Win32
		{2CE6212A-85F6-4254-938F-EF97A07347AD}.Release CLR|x86.Build.0 = Release Static|Win32
		{2CE6212A-85F6-4254-938F-EF97A07347AD}.Release Static|x86.ActiveCfg = Release Static|Win32
		{2CE6212A-85F6-4254-938F-EF97A07347AD}.Release Static|x86.Build.0 = Release Static|Win32
		{2CE6212A-85F6-4254-938F-EF97A07347AD}.Release|x86.ActiveCfg = Release|Win32
		{2CE6212A-85F6-4254-938F-EF97A07347AD}.Release|x86.Build.0 = Release|Win32
		{2CE6212A-85F6-4254-938F-EF97A07347AD}.Unicode Debug CLR|x86.ActiveCfg = Unicode Debug Static|Win32
		{2CE6212A-85F6-4254-938F-EF97A07347AD}.Unicode Debug CLR|x86.Build.0 = Unicode Debug Static|Win32
		{2CE6212A-85F6-4254-938F-EF97A07347AD}.Unicode Debug Static|x86.ActiveCfg = Unicode Debug Static|Win32
		{2CE6212A-85F6-4254-938F-EF97A07347AD}.Unicode Debug Static|x86.Build.0 = Unicode Debug Static|Win32
		{2CE6212A-85F6-4254-938F-EF97A07347AD}.Unicode Debug|x86.ActiveCfg = Unicode Debug|Win32
		{2CE6212A-85F6-4254-938F-EF97A07347AD}.Unicode Debug|x86.Build.0 = Unicode Debug|Win32
		{2CE6212A-85F6-4254-938F-EF97A07347AD}.Unicode Release CLR|x86.ActiveCfg = Unicode Release Static|Win32
		{2CE6212A-85F6-4254-938F-EF97A07347AD}.Unicode Release CLR|x86.Build.0 = Unicode Release Static|Win32
		{2CE6212A-85F6-4254-938F-EF97A07347AD}.Unicode Release Static|x86.ActiveCfg = Unicode Release Static|Win32
		{2CE6212A-85F6-4254-938F-EF97A07347AD}.Unicode Release Static|x86.Build.0 = Unicode Release Static|Win32
		{2CE6212A-85F6-4254-938F-EF97A07347AD}.Unicode Release|x86.ActiveCfg = Unicode Release|Win32
		{2CE6212A-85F6-4254-938F-EF97A07347AD}.Unicode Release|x86.Build.0 = Unicode Release|Win32
		{83C47F51-0A45-488E-88F5-65D1937FE772}.Debug CLR|x86.ActiveCfg = Debug Static|Win32
		{83C47F51-0A45-488E-88F5-65D1937FE772}.Debug CLR|x86.Build.0 = Debug Static|Win32
		{83C47F51-0A45-488E-88F5-65D1937FE772}.Debug Static|x86.ActiveCfg = Debug Static|Win32
		{83C47F51-0A45-488E-88F5-65D1937FE772}.Debug Static|x86.Build.0 = Debug Static|Win32
		{83C47F51-0A45-488E-88F5-65D1937FE772}.Debug|x86.ActiveCfg = Debug|Win32
		{83C47F51-0A45-488E-88F5-65D1937FE772}.Debug|x86.Build.0 = Debug|Win32
		{83C47F51-0A45-488E-88F5-65D1937FE772}.Release CLR|x86.ActiveCfg = Release Static|Win32
		{83C47F51-0A45-488E-88F5-65D1937FE772}.Release CLR|x86.Build.0 = Release Static|Win32
		{83C47F51-0A45-488E-88F5-65D1937FE772}.Release Static|x86.ActiveCfg = Release Static|Win32
		{83C47F51-0A45-488E-88F5-65D1937FE772}.Release Static|x86.Build.0 = Release Static|Win32
		{83C47F51-0A45-488E-88F5-65D1937FE772}.Release|x86.ActiveCfg = Release|Win32
		{83C47F51-0A45-488E-88F5-65D1937FE772}.Release|x86.Build.0 = Release|Win32
		{83C47F51-0A45-488E-88F5-65D1937FE772}.Unicode Debug CLR|x86.ActiveCfg = Unicode Debug Static|Win32
		{83C47F51-0A45-488E-88F5-65D1937FE772}.Unicode Debug CLR|x86.Build.0 = Unicode Debug Static|Win32
		{83C47F51-0A45-488E-88F5-65D1937FE772}.Unicode Debug Static|x86.ActiveCfg = Unicode Debug Static|Win32
		{83C47F51-0A45-488E-88F5-65D1937FE772}.Unicode Debug Static|x86.Build.0 = Unicode Debug Static|Win32
		{83C47F51-0A45-488E-88F5-65D1937FE772}.Unicode Debug|x86.ActiveCfg = Unicode Debug|Win32
		{83C47F51-0A45-488E-88F5-65D1937FE772}.Unicode Debug|x86.Build.0 = Unicode Debug|Win32
		{83C47F51-0A45-488E-88F5-65D1937FE772}.Unicode Release CLR|x86.ActiveCfg = Unicode Release Static|Win32
		{83C47F51-0A45-488E-88F5-65D1937FE772}.Unicode Release CLR|x86.Build.0 = Unicode Release Static|Win32
		{83C47F51-0A45-488E-88F5-65D1937FE772}.Unicode Release Static|x86.ActiveCfg = Unicode Release Static|Win32
		{83C47F51-0A45-488E-88F5-65D1937FE772}.Unicode Release Static|x86.Build.0 = Unicode Release Static|Win32
		{83C47F51-0A45-488E-88F5-65D1937FE772}.Unicode Release|x86.ActiveCfg = Unicode Release|Win32
		{83C47F51-0A45-488E-88F5-65D1937FE772}.Unicode Release|x86.Build.0 = Unicode Release|Win32
		{B259618E-A44B-4EBD-86BB-4338182786FB}.Debug CLR|x86.ActiveCfg = Debug Static|Win32
		{B259618E-A44B-4EBD-86BB-4338182786FB}.Debug CLR|x86.Build.0 = Debug Static|Win32
		{B259618E-A44B-4EBD-86BB-4338182786FB}.Debug Static|x86.ActiveCfg = Debug Static|Win32
		{B259618E-A44B-4EBD-86BB-4338182786FB}.Debug Static|x86.Build.0 = Debug Static|Win32
		{B259618E-A44B-4EBD-86BB-4338182786FB}.Debug|x86.ActiveCfg = Debug|Win32
		{B259618E-A44B-4EBD-86BB-4338182786FB}.Debug|x86.Build.0 = Debug|Win32
		{B259618E-A44B-4EBD-86BB-4338182786FB}.Release CLR|x86.ActiveCfg = Release Static|Win32
		{B259618E-A44B-4EBD-86BB-4338182786FB}.Release CLR|x86.Build.0 = Release Static|Win32
		{B259618E-A44B-4EBD-86BB-4338182786FB}.Release Static|x86.ActiveCfg = Release Static|Win32
		{B259618E-A44B-4EBD-86BB-4338182786FB}.Release Static|x86.Build.0 = Release Static|Win32
		{B259618E-A44B-4EBD-86BB-4338182786FB}.Release|x86.ActiveCfg = Release|Win32
		{B259618E-A44B-4EBD-86BB-4338182786FB}.Release|x86.Build.0 = Release|Win32
		{B259618E-A44B-4EBD-86BB-4338182786FB}.Unicode Debug CLR|x86.ActiveCfg = Unicode Debug Static|Win32
		{B259618E-A44B-4EBD-86BB-4338182786FB}.Unicode Debug CLR|x86.Build.0 = Unicode Debug Static|Win32
		{B259618E-A44B-4EBD-86BB-4338182786FB}.Unicode Debug Static|x86.ActiveCfg = Unicode Debug Static|Win32
		{B259618E-A44B-4EBD-86BB-4338182786FB}.Unicode Debug Static|x86.Build.0 = Unicode Debug Static|Win32
		{B259618E-A44B-4EBD-86BB-4338182786FB}.Unicode Debug|x86.ActiveCfg = Unicode Debug|Win32
		{B259618E-A44B-4EBD-86BB-4338182786FB}.Unicode Debug|x86.Build.0 = Unicode Debug|Win32
		{B259618E-A44B-4EBD-86BB-4338182786FB}.Unicode Release CLR|x86.ActiveCfg = Unicode Release Static|Win32
		{B259618E-A44B-4EBD-86BB-4338182786FB}.Unicode Release CLR|x86.Build.0 = Unicode Release Static|Win32
		{B259618E-A44B-4EBD-86BB-4338182786FB}.Unicode Release Static|x86.ActiveCfg = Unicode Release Static|Win32
		{B259618E-A44B-4EBD-86BB-4338182786FB}.Unicode Release Static|x86.Build.0 = Unicode Release Static|Win32
		{B259618E-A44B-4EBD-86BB-4338182786FB}.Unicode Release|x86.ActiveCfg = Unicode Release|Win32
		{B259618E-A44B-4EBD-86BB-4338182786FB}.Unicode Release|x86.Build.0 = Unicode Release|Win32
		{DC8F4072-97AB-4084-AF09-30A70A750A74}.Debug CLR|x86.ActiveCfg = Debug Static|Win32
		{DC8F4072-97AB-4084-AF09-30A70A750A74}.Debug CLR|x86.Build.0 = Debug Static|Win32
		{DC8F4072-97AB-4084-AF09-30A70A750A74}.Debug Static|x86.ActiveCfg = Debug Static|Win32
		{DC8F4072-97AB-4084-AF09-30A70A750A74}.Debug Static|x86.Build.0 = Debug Static|Win32
		{DC8F4072-97AB-4084-AF09-30A70A750A74}.Debug|x86.ActiveCfg = Debug|Win32
		{DC8F4072-97AB-4084-AF09-30A70A750A74}.Debug|x86.Build.0 = Debug|Win32
		{DC8F4072-97AB-4084-AF09-30A70A750A74}.Release CLR|x86.ActiveCfg = Release Static|Win32
		{DC8F4072-97AB-4084-AF09-30A70A750A74}.Release CLR|x86.Build.0 = Release Static|Win32
		{DC8F4072-97AB-4084-AF09-30A70A750A74}.Release Static|x86.ActiveCfg = Release Static|Win32
		{DC8F4072-97AB-4084-AF09-30A70A750A74}.Release Static|x86.Build.0 = Release Static|Win32
		{DC8F4072-97AB-4084-AF09-30A70A750A74}.Release|x86.ActiveCfg = Release|Win32
		{DC8F4072-97AB-4084-AF09-30A70A750A74}.Release|x86.Build.0 = Release|Win32
		{DC8F4072-97AB-4084-AF09-30A70A750A74}.Unicode Debug CLR|x86.ActiveCfg = Unicode Debug Static|Win32
		{DC8F4072-97AB-4084-AF09-30A70A750A74}.Unicode Debug CLR|x86.Build.0 = Unicode Debug Static|Win32
		{DC8F4072-97AB-4084-AF09-30A70A750A74}.Unicode Debug Static|x86.ActiveCfg = Unicode Debug Static|Win32
		{DC8F4072-97AB-4084-AF09-30A70A750A74}.Unicode Debug Static|x86.Build.0 = Unicode Debug Static|Win32
		{DC8F4072-97AB-4084-AF09-30A70A750A74}.Unicode Debug|x86.ActiveCfg = Unicode Debug|Win32
		{DC8F4072-97AB-4084-AF09-30A70A750A74}.Unicode Debug|x86.Build.0 = Unicode Debug|Win32
		{DC8F4072-97AB-4084-AF09-30A70A750A74}.Unicode Release CLR|x86.ActiveCfg = Unicode Release Static|Win32
		{DC8F4072-97AB-4084-AF09-30A70A750A74}.Unicode Release CLR|x86.Build.0 = Unicode Release Static|Win32
		{DC8F4072-97AB-4084-AF09-30A70A750A74}.Unicode Release Static|x86.ActiveCfg = Unicode Release Static|Win32
		{DC8F4072-97AB-4084-AF09-30A70A750A74}.Unicode Release Static|x86.Build.0 = Unicode Release Static|Win32
		{DC8F4072-97AB-4084-AF09-30A70A750A74}.Unicode Release|x86.ActiveCfg = Unicode Release|Win32
		{DC8F4072-97AB-4084-AF09-30A70A750A74}.Unicode Release|x86.Build.0 = Unicode Release|Win32
		{2BDF43B9-5D59-4630-B07B-4DF615560C71}.Debug CLR|x86.ActiveCfg = Debug Static|Win32
		{2BDF43B9-5D59-4630-B07B-4DF615560C71}.Debug CLR|x86.Build.0 = Debug Static|Win32
		{2BDF43B9-5D59-4630-B07B-4DF615560C71}.Debug Static|x86.ActiveCfg = Debug Static|Win32
		{2BDF43B9-5D59-4630-B07B-4DF615560C71}.Debug Static|x86.Build.0 = Debug Static|Win32
		{2BDF43B9-5D59-4630-B07B-4DF615560C71}.Debug|x86.ActiveCfg = Debug|Win32
		{2BDF43B9-5D59-4630-B07B-4DF615560C71}.Debug|x86.Build.0 = Debug|Win32
		{2BDF43B9-5D59-4630-B07B-4DF615560C71}.Release CLR|x86.ActiveCfg = Release Static|Win32
		{2BDF43B9-5D59-4630-B07B-4DF615560C71}.Release CLR|x86.Build.0 = Release Static|Win32
		{2BDF43B9-5D59-4630-B07B-4DF615560C71}.Release Static|x86.ActiveCfg = Release Static|Win32
		{2BDF43B9-5D59-4630-B07B-4DF615560C71}.Release Static|x86.Build.0 = Release Static|Win32
		{2BDF43B9-5D59-4630-B07B-4DF615560C71}.Release|x86.ActiveCfg = Release|Win32
		{2BDF43B9-5D59-4630-B07B-4DF615560C71}.Release|x86.Build.0 = Release|Win32
		{2BDF43B9-5D59-4630-B07B-4DF615560C71}.Unicode Debug CLR|x86.ActiveCfg = Unicode Debug Static|Win32
		{2BDF43B9-5D59-4630-B07B-4DF615560C71}.Unicode Debug CLR|x86.Build.0 = Unicode Debug Static|Win32
		{2BDF43B9-5D59-4630-B07B-4DF615560C71}.Unicode Debug Static|x86.ActiveCfg = Unicode Debug Static|Win32
		{2BDF43B9-5D59-4630-B07B-4DF615560C71}.Unicode Debug Static|x86.Build.0 = Unicode Debug Static|Win32
		{2BDF43B9-5D59-4630-B07B-4DF615560C71}.Unicode Debug|x86.ActiveCfg = Unicode Debug|Win32
		{2BDF43B9-5D59-4630-B07B-4DF615560C71}.Unicode Debug|x86.Build.0 = Unicode Debug|Win32
		{2BDF43B9-5D59-4630-B07B-4DF615560C71}.Unicode Release CLR|x86.ActiveCfg = Unicode Release Static|Win32
		{2BDF43B9-5D59-4630-B07B-4DF615560C71}.Unicode Release CLR|x86.Build.0 = Unicode Release Static|Win32
		{2BDF43B9-5D59-4630-B07B-4DF615560C71}.Unicode Release Static|x86.ActiveCfg = Unicode Release Static|Win32
		{2BDF43B9-5D59-4630-B07B-4DF615560C71}.Unicode Release Static|x86.Build.0 = Unicode Release Static|Win32
		{2BDF43B9-5D59-4630-B07B-4DF615560C71}.Unicode Release|x86.ActiveCfg = Unicode Release|Win32
		{2BDF43B9-5D59-4630-B07B-4DF615560C71}.Unicode Release|x86.Build.0 = Unicode Release|Win32
		{34545473-46B9-42A8-A54E-575BED25C115}.Debug CLR|x86.ActiveCfg = Debug Static|Win32
		{34545473-46B9-42A8-A54E-575BED25C115}.Debug CLR|x86.Build.0 = Debug Static|Win32
		{34545473-46B9-42A8-A54E-575BED25C115}.Debug Static|x86.ActiveCfg = Debug Static|Win32
		{34545473-46B9-42A8-A54E-575BED25C115}.Debug Static|x86.Build.0 = Debug Static|Win32
		{34545473-46B9-42A8-A54E-575BED25C115}.Debug|x86.ActiveCfg = Debug|Win32
		{34545473-46B9-42A8-A54E-575BED25C115}.Debug|x86.Build.0 = Debug|Win32
		{34545473-46B9-42A8-A54E-575BED25C115}.Release CLR|x86.ActiveCfg = Release Static|Win32
		{34545473-46B9-42A8-A54E-575BED25C115}.Release CLR|x86.Build.0 = Release Static|Win32
		{34545473-46B9-42A8-A54E-575BED25C115}.Release Static|x86.ActiveCfg = Release Static|Win32
		{34545473-46B9-42A8-A54E-575BED25C115}.Release Static|x86.Build.0 = Release Static|Win32
		{34545473-46B9-42A8-A54E-575BED25C115}.Release|x86.ActiveCfg = Release|Win32
		{34545473-46B9-42A8-A54E-575BED25C115}.Release|x86.Build.0 = Release|Win32
		{34545473-46B9-42A8-A54E-575BED25C115}.Unicode Debug CLR|x86.ActiveCfg = Unicode Debug Static|Win32
		{34545473-46B9-42A8-A54E-575BED25C115}.Unicode Debug CLR|x86.Build.0 = Unicode Debug Static|Win32
		{34545473-46B9-42A8-A54E-575BED25C115}.Unicode Debug Static|x86.ActiveCfg = Unicode Debug Static|Win32
		{34545473-46B9-42A8-A54E-575BED25C115}.Unicode Debug Static|x86.Build.0 = Unicode Debug Static|Win32
		{34545473-46B9-42A8-A54E-575BED25C115}.Unicode Debug|x86.ActiveCfg = Unicode Debug|Win32
		{34545473-46B9-42A8-A54E-575BED25C115}.Unicode Debug|x86.Build.0 = Unicode Debug|Win32
		{34545473-46B9-42A8-A54E-575BED25C115}.Unicode Release CLR|x86.ActiveCfg = Unicode Release Static|Win32
		{34545473-46B9-42A8-A54E-575BED25C115}.Unicode Release CLR|x86.Build.0 = Unicode Release Static|Win32
		{34545473-46B9-42A8-A54E-575BED25C115}.Unicode Release Static|x86.ActiveCfg = Unicode Release Static|Win32
		{34545473-46B9-42A8-A54E-575BED25C115}.Unicode Release Static|x86.Build.0 = Unicode Release Static|Win32
		{34545473-46B9-42A8-A54E-575BED25C115}.Unicode Release|x86.ActiveCfg = Unicode Release|Win32
		{34545473-46B9-42A8-A54E-575BED25C115}.Unicode Release|x86.Build.0 = Unicode Release|Win32
		{84C70F4F-3B25-434A-AA96-69588C917014}.Debug CLR|x86.ActiveCfg = Debug CLR|Win32
		{84C70F4F-3B25-434A-AA96-69588C917014}.Debug CLR|x86.Build.0 = Debug CLR|Win32
		{84C70F4F-3B25-434A-AA96-69588C917014}.Debug Static|x86.ActiveCfg = Debug Static|Win32
		{84C70F4F-3B25-434A-AA96-69588C917014}.Debug Static|x86.Build.0 = Debug Static|Win32
		{84C70F4F-3B25-434A-AA96-69588C917014}.Debug|x86.ActiveCfg = Debug|Win32
		{84C70F4F-3B25-434A-AA96-69588C917014}.Debug|x86.Build.0 = Debug|Win32
		{84C70F4F-3B25-434A-AA96-69588C917014}.Release CLR|x86.ActiveCfg = Release CLR|Win32
		{84C70F4F-3B25-434A-AA96-69588C917014}.Release CLR|x86.Build.0 = Release CLR|Win32
		{84C70F4F-3B25-434A-AA96-69588C917014}.Release Static|x86.ActiveCfg = Release Static|Win32
		{84C70F4F-3B25-434A-AA96-69588C917014}.Release Static|x86.Build.0 = Release Static|Win32
		{84C70F4F-3B25-434A-AA96-69588C917014}.Release|x86.ActiveCfg = Release|Win32
		{84C70F4F-3B25-434A-AA96-69588C917014}.Release|x86.Build.0 = Release|Win32
		{84C70F4F-3B25-434A-AA96-69588C917014}.Unicode Debug CLR|x86.ActiveCfg = Unicode Debug CLR|Win32
		{84C70F4F-3B25-434A-AA96-69588C917014}.Unicode Debug CLR|x86.Build.0 = Unicode Debug CLR|Win32
		{84C70F4F-3B25-434A-AA96-69588C917014}.Unicode Debug Static|x86.ActiveCfg = Unicode Debug Static|Win32
		{84C70F4F-3B25-434A-AA96-69588C917014}.Unicode Debug Static|x86.Build.0 = Unicode Debug Static|Win32
		{84C70F4F-3B25-434A-AA96-69588C917014}.Unicode Debug|x86.ActiveCfg = Unicode Debug|Win32
		{84C70F4F-3B25-434A-AA96-69588C917014}.Unicode Debug|x86.Build.0 = Unicode Debug|Win32
		{84C70F4F-3B25-434A-AA96-69588C917014}.Unicode Release CLR|x86.ActiveCfg = Unicode Release CLR|Win32
		{84C70F4F-3B25-434A-AA96-69588C917014}.Unicode Release CLR|x86.Build.0 = Unicode Release CLR|Win32
		{84C70F4F-3B25-434A-AA96-69588C917014}.Unicode Release Static|x86.ActiveCfg = Unicode Release Static|Win32
		{84C70F4F-3B25-434A-AA96-69588C917014}.Unicode Release Static|x86.Build.0 = Unicode Release Static|Win32
		{84C70F4F-3B25-434A-AA96-69588C917014}.Unicode Release|x86.ActiveCfg = Unicode Release|Win32
		{84C70F4F-3B25-434A-AA96-69588C917014}.Unicode Release|x86.Build.0 = Unicode Release|Win32
		{66F9A117-DACA-4D34-8CB8-4FC1D4211C5C}.Debug CLR|x86.ActiveCfg = Debug CLR|Win32
		{66F9A117-DACA-4D34-8CB8-4FC1D4211C5C}.Debug CLR|x86.Build.0 = Debug CLR|Win32
		{66F9A117-DACA-4D34-8CB8-4FC1D4211C5C}.Debug Static|x86.ActiveCfg = Debug Static|Win32
		{66F9A117-DACA-4D34-8CB8-4FC1D4211C5C}.Debug Static|x86.Build.0 = Debug Static|Win32
		{66F9A117-DACA-4D34-8CB8-4FC1D4211C5C}.Debug|x86.ActiveCfg = Debug|Win32
		{66F9A117-DACA-4D34-8CB8-4FC1D4211C5C}.Debug|x86.Build.0 = Debug|Win32
		{66F9A117-DACA-4D34-8CB8-4FC1D4211C5C}.Release CLR|x86.ActiveCfg = Release CLR|Win32
		{66F9A117-DACA-4D34-8CB8-4FC1D4211C5C}.Release CLR|x86.Build.0 = Release CLR|Win32
		{66F9A117-DACA-4D34-8CB8-4FC1D4211C5C}.Release Static|x86.ActiveCfg = Release Static|Win32
		{66F9A117-DACA-4D34-8CB8-4FC1D4211C5C}.Release Static|x86.Build.0 = Release Static|Win32
		{66F9A117-DACA-4D34-8CB8-4FC1D4211C5C}.Release|x86.ActiveCfg = Release|Win32
		{66F9A117-DACA-4D34-8CB8-4FC1D4211C5C}.Release|x86.Build.0 = Release|Win32
		{66F9A117-DACA-4D34-8CB8-4FC1D4211C5C}.Unicode Debug CLR|x86.ActiveCfg = Unicode Debug CLR|Win32
		{66F9A117-DACA-4D34-8CB8-4FC1D4211C5C}.Unicode Debug CLR|x86.Build.0 = Unicode Debug CLR|Win32
		{66F9A117-DACA-4D34-8CB8-4FC1D4211C5C}.Unicode Debug Static|x86.ActiveCfg = Unicode Debug Static|Win32
		{66F9A117-DACA-4D34-8CB8-4FC1D4211C5C}.Unicode Debug Static|x86.Build.0 = Unicode Debug Static|Win32
		{66F9A117-DACA-4D34-8CB8-4FC1D4211C5C}.Unicode Debug|x86.ActiveCfg = Unicode Debug|Win32
		{66F9A117-DACA-4D34-8CB8-4FC1D4211C5C}.Unicode Debug|x86.Build.0 = Unicode Debug|Win32
		{66F9A117-DACA-4D34-8CB8-4FC1D4211C5C}.Unicode Release CLR|x86.ActiveCfg = Unicode Release CLR|Win32
		{66F9A117-DACA-4D34-8CB8-4FC1D4211C5C}.Unicode Release CLR|x86.Build.0 = Unicode Release CLR|Win32
		{66F9A117-DACA-4D34-8CB8-4FC1D4211C5C}.Unicode Release Static|x86.ActiveCfg = Unicode Release Static|Win32
		{66F9A117-DACA-4D34-8CB8-4FC1D4211C5C}.Unicode Release Static|x86.Build.0 = Unicode Release Static|Win32
		{66F9A117-DACA-4D34-8CB8-4FC1D4211C5C}.Unicode Release|x86.ActiveCfg = Unicode Release|Win32
		{66F9A117-DACA-4D34-8CB8-4FC1D4211C5C}.Unicode Release|x86.Build.0 = Unicode Release|Win32
		{D4CEBF70-2357-4DDF-95AF-40934C4208D7}.Debug CLR|x86.ActiveCfg = Debug Static|Win32
		{D4CEBF70-2357-4DDF-95AF-40934C4208D7}.Debug CLR|x86.Build.0 = Debug Static|Win32
		{D4CEBF70-2357-4DDF-95AF-40934C4208D7}.Debug Static|x86.ActiveCfg = Debug Static|Win32
		{D4CEBF70-2357-4DDF-95AF-40934C4208D7}.Debug Static|x86.Build.0 = Debug Static|Win32
		{D4CEBF70-2357-4DDF-95AF-40934C4208D7}.Debug|x86.ActiveCfg = Debug|Win32
		{D4CEBF70-2357-4DDF-95AF-40934C4208D7}.Debug|x86.Build.0 = Debug|Win32
		{D4CEBF70-2357-4DDF-95AF-40934C4208D7}.Release CLR|x86.ActiveCfg = Release Static|Win32
		{D4CEBF70-2357-4DDF-95AF-40934C4208D7}.Release CLR|x86.Build.0 = Release Static|Win32
		{D4CEBF70-2357-4DDF-95AF-40934C4208D7}.Release Static|x86.ActiveCfg = Release Static|Win32
		{D4CEBF70-2357-4DDF-95AF-40934C4208D7}.Release Static|x86.Build.0 = Release Static|Win32
		{D4CEBF70-2357-4DDF-95AF-40934C4208D7}.Release|x86.ActiveCfg = Release|Win32
		{D4CEBF70-2357-4DDF-95AF-40934C4208D7}.Release|x86.Build.0 = Release|Win32
		{D4CEBF70-2357-4DDF-95AF-40934C4208D7}.Unicode Debug CLR|x86.ActiveCfg = Unicode Debug Static|Win32
		{D4CEBF70-2357-4DDF-95AF-40934C4208D7}.Unicode Debug CLR|x86.Build.0 = Unicode Debug Static|Win32
		{D4CEBF70-2357-4DDF-95AF-40934C4208D7}.Unicode Debug Static|x86.ActiveCfg = Unicode Debug Static|Win32
		{D4CEBF70-2357-4DDF-95AF-40934C4208D7}.Unicode Debug Static|x86.Build.0 = Unicode Debug Static|Win32
		{D4CEBF70-2357-4DDF-95AF-40934C4208D7}.Unicode Debug|x86.ActiveCfg = Unicode Debug|Win32
		{D4CEBF70-2357-4DDF-95AF-40934C4208D7}.Unicode Debug|x86.Build.0 = Unicode Debug|Win32
		{D4CEBF70-2357-4DDF-95AF-40934C4208D7}.Unicode Release CLR|x86.ActiveCfg = Unicode Release Static|Win32
		{D4CEBF70-2357-4DDF-95AF-40934C4208D7}.Unicode Release CLR|x86.Build.0 = Unicode Release Static|Win32
		{D4CEBF70-2357-4DDF-95AF-40934C4208D7}.Unicode Release Static|x86.ActiveCfg = Unicode Release Static|Win32
		{D4CEBF70-2357-4DDF-95AF-40934C4208D7}.Unicode Release Static|x86.Build.0 = Unicode Release Static|Win32
		{D4CEBF70-2357-4DDF-95AF-40934C4208D7}.Unicode Release|x86.ActiveCfg = Unicode Release|Win32
		{D4CEBF70-2357-4DDF-95AF-40934C4208D7}.Unicode Release|x86.Build.0 = Unicode Release|Win32
	EndGlobalSection
	GlobalSection(SolutionProperties) = preSolution
		HideSolutionNode = FALSE
	EndGlobalSection
EndGlobal
